Microsoft Visual Studio Solution File, Format Version 12.00
# Visual Studio Express 2013 for Windows Desktop
VisualStudioVersion = 12.0.31010.0
MinimumVisualStudioVersion = 10.0.40219.1
Project("{8BC9CEB8-8B4A-11D0-8D11-00A0C91BC942}") = "cds", "cds.vcxproj", "{408FE9BC-44F0-4E6A-89FA-D6F952584239}"
EndProject
Project("{2150E333-8FDC-42A3-9474-1A3956D46DE8}") = "unit-test", "unit-test", "{B30CA283-1796-4763-92C3-2E4848D443F7}"
	ProjectSection(SolutionItems) = preProject
		..\..\..\tests\unit\print_cuckoo_stat.h = ..\..\..\tests\unit\print_cuckoo_stat.h
		..\..\..\tests\unit\print_ellenbintree_stat.h = ..\..\..\tests\unit\print_ellenbintree_stat.h
		..\..\..\tests\unit\print_mspriorityqueue_stat.h = ..\..\..\tests\unit\print_mspriorityqueue_stat.h
		..\..\..\tests\unit\print_segmentedqueue_stat.h = ..\..\..\tests\unit\print_segmentedqueue_stat.h
		..\..\..\tests\unit\print_skip_list_stat.h = ..\..\..\tests\unit\print_skip_list_stat.h
		..\..\..\tests\unit\print_split_list_stat.h = ..\..\..\tests\unit\print_split_list_stat.h
	EndProjectSection
EndProject
Project("{8BC9CEB8-8B4A-11D0-8D11-00A0C91BC942}") = "unit-prerequisites", "unit-prerequisites.vcxproj", "{61179F2F-07E1-490D-B64D-D85A90B6EF81}"
	ProjectSection(ProjectDependencies) = postProject
		{408FE9BC-44F0-4E6A-89FA-D6F952584239} = {408FE9BC-44F0-4E6A-89FA-D6F952584239}
	EndProjectSection
EndProject
Project("{8BC9CEB8-8B4A-11D0-8D11-00A0C91BC942}") = "unit-misc", "unit-misc.vcxproj", "{77350FDC-9E51-438B-9A8F-D2FEA11D46B2}"
	ProjectSection(ProjectDependencies) = postProject
		{61179F2F-07E1-490D-B64D-D85A90B6EF81} = {61179F2F-07E1-490D-B64D-D85A90B6EF81}
		{408FE9BC-44F0-4E6A-89FA-D6F952584239} = {408FE9BC-44F0-4E6A-89FA-D6F952584239}
	EndProjectSection
EndProject
Project("{8BC9CEB8-8B4A-11D0-8D11-00A0C91BC942}") = "unit-queue", "unit-queue.vcxproj", "{6C15AF8A-4A99-49F9-BCF0-1BF36771099A}"
	ProjectSection(ProjectDependencies) = postProject
		{61179F2F-07E1-490D-B64D-D85A90B6EF81} = {61179F2F-07E1-490D-B64D-D85A90B6EF81}
		{408FE9BC-44F0-4E6A-89FA-D6F952584239} = {408FE9BC-44F0-4E6A-89FA-D6F952584239}
	EndProjectSection
EndProject
Project("{8BC9CEB8-8B4A-11D0-8D11-00A0C91BC942}") = "unit-stack", "unit-stack.vcxproj", "{E29DE1F7-AE8D-4AE6-98B1-147E5103D974}"
	ProjectSection(ProjectDependencies) = postProject
		{61179F2F-07E1-490D-B64D-D85A90B6EF81} = {61179F2F-07E1-490D-B64D-D85A90B6EF81}
		{408FE9BC-44F0-4E6A-89FA-D6F952584239} = {408FE9BC-44F0-4E6A-89FA-D6F952584239}
	EndProjectSection
EndProject
Project("{2150E333-8FDC-42A3-9474-1A3956D46DE8}") = "hdr-test", "hdr-test", "{B8C24D26-A3BF-4DA6-B64C-142CBA4BFE75}"
	ProjectSection(SolutionItems) = preProject
		..\..\..\tests\test-hdr\size_check.h = ..\..\..\tests\test-hdr\size_check.h
	EndProjectSection
EndProject
Project("{8BC9CEB8-8B4A-11D0-8D11-00A0C91BC942}") = "hdr-test-deque", "hdr-test-deque.vcxproj", "{CD0BC7FC-9BFF-40B0-8E66-99D244A8A026}"
	ProjectSection(ProjectDependencies) = postProject
		{61179F2F-07E1-490D-B64D-D85A90B6EF81} = {61179F2F-07E1-490D-B64D-D85A90B6EF81}
		{408FE9BC-44F0-4E6A-89FA-D6F952584239} = {408FE9BC-44F0-4E6A-89FA-D6F952584239}
	EndProjectSection
EndProject
Project("{8BC9CEB8-8B4A-11D0-8D11-00A0C91BC942}") = "hdr-test-map", "hdr-test-map.vcxproj", "{282E9A9A-386A-40FB-A483-994BACE24830}"
	ProjectSection(ProjectDependencies) = postProject
		{61179F2F-07E1-490D-B64D-D85A90B6EF81} = {61179F2F-07E1-490D-B64D-D85A90B6EF81}
		{408FE9BC-44F0-4E6A-89FA-D6F952584239} = {408FE9BC-44F0-4E6A-89FA-D6F952584239}
	EndProjectSection
EndProject
Project("{8BC9CEB8-8B4A-11D0-8D11-00A0C91BC942}") = "hdr-test-misc", "hdr-test-misc.vcxproj", "{C5E76975-B87B-4B9E-8596-B01DDA683FCA}"
	ProjectSection(ProjectDependencies) = postProject
		{61179F2F-07E1-490D-B64D-D85A90B6EF81} = {61179F2F-07E1-490D-B64D-D85A90B6EF81}
		{408FE9BC-44F0-4E6A-89FA-D6F952584239} = {408FE9BC-44F0-4E6A-89FA-D6F952584239}
	EndProjectSection
EndProject
Project("{8BC9CEB8-8B4A-11D0-8D11-00A0C91BC942}") = "hdr-test-ordered-list", "hdr-test-ordered-list.vcxproj", "{EFCBBADE-2CF4-4E2B-ADB2-98C8D139E805}"
	ProjectSection(ProjectDependencies) = postProject
		{61179F2F-07E1-490D-B64D-D85A90B6EF81} = {61179F2F-07E1-490D-B64D-D85A90B6EF81}
		{408FE9BC-44F0-4E6A-89FA-D6F952584239} = {408FE9BC-44F0-4E6A-89FA-D6F952584239}
	EndProjectSection
EndProject
Project("{2150E333-8FDC-42A3-9474-1A3956D46DE8}") = "map", "map", "{6BB7A27F-FC59-4267-B6FA-D034176D1459}"
	ProjectSection(SolutionItems) = preProject
		..\..\..\tests\unit\map2\map_defs.h = ..\..\..\tests\unit\map2\map_defs.h
		..\..\..\tests\unit\map2\map_types.h = ..\..\..\tests\unit\map2\map_types.h
		..\..\..\tests\unit\map2\std_hash_map.h = ..\..\..\tests\unit\map2\std_hash_map.h
		..\..\..\tests\unit\map2\std_map.h = ..\..\..\tests\unit\map2\std_map.h
	EndProjectSection
EndProject
Project("{2150E333-8FDC-42A3-9474-1A3956D46DE8}") = "set", "set", "{A64449B7-90FB-4E2B-A686-9EFC0E298644}"
	ProjectSection(SolutionItems) = preProject
		..\..\..\tests\unit\set2\set_defs.h = ..\..\..\tests\unit\set2\set_defs.h
		..\..\..\tests\unit\set2\set_types.h = ..\..\..\tests\unit\set2\set_types.h
		..\..\..\tests\unit\set2\std_hash_set.h = ..\..\..\tests\unit\set2\std_hash_set.h
		..\..\..\tests\unit\set2\std_set.h = ..\..\..\tests\unit\set2\std_set.h
	EndProjectSection
EndProject
Project("{8BC9CEB8-8B4A-11D0-8D11-00A0C91BC942}") = "unit-map-delodd", "unit-map-delodd.vcxproj", "{3C598F96-FB84-4D42-9B43-F697F53B0221}"
	ProjectSection(ProjectDependencies) = postProject
		{61179F2F-07E1-490D-B64D-D85A90B6EF81} = {61179F2F-07E1-490D-B64D-D85A90B6EF81}
		{408FE9BC-44F0-4E6A-89FA-D6F952584239} = {408FE9BC-44F0-4E6A-89FA-D6F952584239}
	EndProjectSection
EndProject
Project("{8BC9CEB8-8B4A-11D0-8D11-00A0C91BC942}") = "unit-map-find", "unit-map-find.vcxproj", "{BA2A9239-0299-4069-BB0E-16DACE87ADE0}"
	ProjectSection(ProjectDependencies) = postProject
		{61179F2F-07E1-490D-B64D-D85A90B6EF81} = {61179F2F-07E1-490D-B64D-D85A90B6EF81}
		{408FE9BC-44F0-4E6A-89FA-D6F952584239} = {408FE9BC-44F0-4E6A-89FA-D6F952584239}
	EndProjectSection
EndProject
Project("{8BC9CEB8-8B4A-11D0-8D11-00A0C91BC942}") = "unit-map-insdel", "unit-map-insdel.vcxproj", "{CA25BDBF-B354-4597-B6D2-220ABBB0D2F4}"
	ProjectSection(ProjectDependencies) = postProject
		{61179F2F-07E1-490D-B64D-D85A90B6EF81} = {61179F2F-07E1-490D-B64D-D85A90B6EF81}
		{408FE9BC-44F0-4E6A-89FA-D6F952584239} = {408FE9BC-44F0-4E6A-89FA-D6F952584239}
	EndProjectSection
EndProject
Project("{8BC9CEB8-8B4A-11D0-8D11-00A0C91BC942}") = "unit-set-delodd", "unit-set-delodd.vcxproj", "{AF7B2253-2E6D-4992-94D9-4B3699C54929}"
	ProjectSection(ProjectDependencies) = postProject
		{61179F2F-07E1-490D-B64D-D85A90B6EF81} = {61179F2F-07E1-490D-B64D-D85A90B6EF81}
		{408FE9BC-44F0-4E6A-89FA-D6F952584239} = {408FE9BC-44F0-4E6A-89FA-D6F952584239}
	EndProjectSection
EndProject
Project("{8BC9CEB8-8B4A-11D0-8D11-00A0C91BC942}") = "unit-set-insdel", "unit-set-insdel.vcxproj", "{BA23811C-D4CB-4836-B2F3-6791BD6FFCD1}"
	ProjectSection(ProjectDependencies) = postProject
		{61179F2F-07E1-490D-B64D-D85A90B6EF81} = {61179F2F-07E1-490D-B64D-D85A90B6EF81}
		{408FE9BC-44F0-4E6A-89FA-D6F952584239} = {408FE9BC-44F0-4E6A-89FA-D6F952584239}
	EndProjectSection
EndProject
Project("{8BC9CEB8-8B4A-11D0-8D11-00A0C91BC942}") = "hdr-test-priority_queue", "hdr-test-priority_queue.vcxproj", "{90192F7D-5850-41DD-AE89-62D26B387162}"
	ProjectSection(ProjectDependencies) = postProject
		{61179F2F-07E1-490D-B64D-D85A90B6EF81} = {61179F2F-07E1-490D-B64D-D85A90B6EF81}
		{408FE9BC-44F0-4E6A-89FA-D6F952584239} = {408FE9BC-44F0-4E6A-89FA-D6F952584239}
	EndProjectSection
EndProject
Project("{8BC9CEB8-8B4A-11D0-8D11-00A0C91BC942}") = "hdr-test-queue", "hdr-test-queue.vcxproj", "{33664E63-8D24-4FF4-A744-9782EB711509}"
	ProjectSection(ProjectDependencies) = postProject
		{61179F2F-07E1-490D-B64D-D85A90B6EF81} = {61179F2F-07E1-490D-B64D-D85A90B6EF81}
		{408FE9BC-44F0-4E6A-89FA-D6F952584239} = {408FE9BC-44F0-4E6A-89FA-D6F952584239}
	EndProjectSection
EndProject
Project("{8BC9CEB8-8B4A-11D0-8D11-00A0C91BC942}") = "hdr-test-set", "hdr-test-set.vcxproj", "{E5E9DB4A-7816-45D4-A116-6BBBA0EE8EE7}"
	ProjectSection(ProjectDependencies) = postProject
		{61179F2F-07E1-490D-B64D-D85A90B6EF81} = {61179F2F-07E1-490D-B64D-D85A90B6EF81}
		{408FE9BC-44F0-4E6A-89FA-D6F952584239} = {408FE9BC-44F0-4E6A-89FA-D6F952584239}
	EndProjectSection
EndProject
Project("{8BC9CEB8-8B4A-11D0-8D11-00A0C91BC942}") = "hdr-test-stack", "hdr-test-stack.vcxproj", "{E3F2927A-6ED6-4B18-BDE6-B3B760E1AF18}"
	ProjectSection(ProjectDependencies) = postProject
		{61179F2F-07E1-490D-B64D-D85A90B6EF81} = {61179F2F-07E1-490D-B64D-D85A90B6EF81}
		{408FE9BC-44F0-4E6A-89FA-D6F952584239} = {408FE9BC-44F0-4E6A-89FA-D6F952584239}
	EndProjectSection
EndProject
Project("{8BC9CEB8-8B4A-11D0-8D11-00A0C91BC942}") = "hdr-test-striped-set", "hdr-test-striped-set.vcxproj", "{A38E5597-6916-4480-A343-C9846EF544E4}"
	ProjectSection(ProjectDependencies) = postProject
		{61179F2F-07E1-490D-B64D-D85A90B6EF81} = {61179F2F-07E1-490D-B64D-D85A90B6EF81}
		{408FE9BC-44F0-4E6A-89FA-D6F952584239} = {408FE9BC-44F0-4E6A-89FA-D6F952584239}
	EndProjectSection
EndProject
Project("{8BC9CEB8-8B4A-11D0-8D11-00A0C91BC942}") = "hdr-test-tree", "hdr-test-tree.vcxproj", "{6F834EAD-7B94-4979-A0F1-A662E3D30145}"
	ProjectSection(ProjectDependencies) = postProject
		{61179F2F-07E1-490D-B64D-D85A90B6EF81} = {61179F2F-07E1-490D-B64D-D85A90B6EF81}
		{408FE9BC-44F0-4E6A-89FA-D6F952584239} = {408FE9BC-44F0-4E6A-89FA-D6F952584239}
	EndProjectSection
EndProject
Project("{8BC9CEB8-8B4A-11D0-8D11-00A0C91BC942}") = "unit-pqueue", "unit-pqueue.vcxproj", "{20B6C380-E96A-4CFF-BC17-D88AAE581919}"
	ProjectSection(ProjectDependencies) = postProject
		{61179F2F-07E1-490D-B64D-D85A90B6EF81} = {61179F2F-07E1-490D-B64D-D85A90B6EF81}
		{408FE9BC-44F0-4E6A-89FA-D6F952584239} = {408FE9BC-44F0-4E6A-89FA-D6F952584239}
	EndProjectSection
EndProject
Global
	GlobalSection(SolutionConfigurationPlatforms) = preSolution
		Debug|Win32 = Debug|Win32
		Debug|x64 = Debug|x64
		DebugVLD|Win32 = DebugVLD|Win32
		DebugVLD|x64 = DebugVLD|x64
		ICL-Debug|Win32 = ICL-Debug|Win32
		ICL-Debug|x64 = ICL-Debug|x64
		ICL-Release|Win32 = ICL-Release|Win32
		ICL-Release|x64 = ICL-Release|x64
		Release|Win32 = Release|Win32
		Release|x64 = Release|x64
	EndGlobalSection
	GlobalSection(ProjectConfigurationPlatforms) = postSolution
		{408FE9BC-44F0-4E6A-89FA-D6F952584239}.Debug|Win32.ActiveCfg = Debug|Win32
		{408FE9BC-44F0-4E6A-89FA-D6F952584239}.Debug|Win32.Build.0 = Debug|Win32
		{408FE9BC-44F0-4E6A-89FA-D6F952584239}.Debug|x64.ActiveCfg = Debug|x64
		{408FE9BC-44F0-4E6A-89FA-D6F952584239}.Debug|x64.Build.0 = Debug|x64
		{408FE9BC-44F0-4E6A-89FA-D6F952584239}.DebugVLD|Win32.ActiveCfg = DebugVLD|Win32
		{408FE9BC-44F0-4E6A-89FA-D6F952584239}.DebugVLD|Win32.Build.0 = DebugVLD|Win32
		{408FE9BC-44F0-4E6A-89FA-D6F952584239}.DebugVLD|x64.ActiveCfg = DebugVLD|x64
		{408FE9BC-44F0-4E6A-89FA-D6F952584239}.DebugVLD|x64.Build.0 = DebugVLD|x64
		{408FE9BC-44F0-4E6A-89FA-D6F952584239}.ICL-Debug|Win32.ActiveCfg = ICL-Debug|Win32
		{408FE9BC-44F0-4E6A-89FA-D6F952584239}.ICL-Debug|Win32.Build.0 = ICL-Debug|Win32
		{408FE9BC-44F0-4E6A-89FA-D6F952584239}.ICL-Debug|x64.ActiveCfg = ICL-Debug|x64
		{408FE9BC-44F0-4E6A-89FA-D6F952584239}.ICL-Debug|x64.Build.0 = ICL-Debug|x64
		{408FE9BC-44F0-4E6A-89FA-D6F952584239}.ICL-Release|Win32.ActiveCfg = ICL-Release|Win32
		{408FE9BC-44F0-4E6A-89FA-D6F952584239}.ICL-Release|Win32.Build.0 = ICL-Release|Win32
		{408FE9BC-44F0-4E6A-89FA-D6F952584239}.ICL-Release|x64.ActiveCfg = ICL-Release|x64
		{408FE9BC-44F0-4E6A-89FA-D6F952584239}.ICL-Release|x64.Build.0 = ICL-Release|x64
		{408FE9BC-44F0-4E6A-89FA-D6F952584239}.Release|Win32.ActiveCfg = Release|Win32
		{408FE9BC-44F0-4E6A-89FA-D6F952584239}.Release|Win32.Build.0 = Release|Win32
		{408FE9BC-44F0-4E6A-89FA-D6F952584239}.Release|x64.ActiveCfg = Release|x64
		{408FE9BC-44F0-4E6A-89FA-D6F952584239}.Release|x64.Build.0 = Release|x64
		{61179F2F-07E1-490D-B64D-D85A90B6EF81}.Debug|Win32.ActiveCfg = Debug|Win32
		{61179F2F-07E1-490D-B64D-D85A90B6EF81}.Debug|Win32.Build.0 = Debug|Win32
		{61179F2F-07E1-490D-B64D-D85A90B6EF81}.Debug|x64.ActiveCfg = Debug|x64
		{61179F2F-07E1-490D-B64D-D85A90B6EF81}.Debug|x64.Build.0 = Debug|x64
		{61179F2F-07E1-490D-B64D-D85A90B6EF81}.DebugVLD|Win32.ActiveCfg = Debug|Win32
		{61179F2F-07E1-490D-B64D-D85A90B6EF81}.DebugVLD|Win32.Build.0 = Debug|Win32
		{61179F2F-07E1-490D-B64D-D85A90B6EF81}.DebugVLD|x64.ActiveCfg = DebugVLD|x64
		{61179F2F-07E1-490D-B64D-D85A90B6EF81}.DebugVLD|x64.Build.0 = DebugVLD|x64
		{61179F2F-07E1-490D-B64D-D85A90B6EF81}.ICL-Debug|Win32.ActiveCfg = ICL-Debug|Win32
		{61179F2F-07E1-490D-B64D-D85A90B6EF81}.ICL-Debug|Win32.Build.0 = ICL-Debug|Win32
		{61179F2F-07E1-490D-B64D-D85A90B6EF81}.ICL-Debug|x64.ActiveCfg = ICL-Debug|x64
		{61179F2F-07E1-490D-B64D-D85A90B6EF81}.ICL-Debug|x64.Build.0 = ICL-Debug|x64
		{61179F2F-07E1-490D-B64D-D85A90B6EF81}.ICL-Release|Win32.ActiveCfg = ICL-Release|Win32
		{61179F2F-07E1-490D-B64D-D85A90B6EF81}.ICL-Release|Win32.Build.0 = ICL-Release|Win32
		{61179F2F-07E1-490D-B64D-D85A90B6EF81}.ICL-Release|x64.ActiveCfg = ICL-Release|x64
		{61179F2F-07E1-490D-B64D-D85A90B6EF81}.ICL-Release|x64.Build.0 = ICL-Release|x64
		{61179F2F-07E1-490D-B64D-D85A90B6EF81}.Release|Win32.ActiveCfg = Release|Win32
		{61179F2F-07E1-490D-B64D-D85A90B6EF81}.Release|Win32.Build.0 = Release|Win32
		{61179F2F-07E1-490D-B64D-D85A90B6EF81}.Release|x64.ActiveCfg = Release|x64
		{61179F2F-07E1-490D-B64D-D85A90B6EF81}.Release|x64.Build.0 = Release|x64
		{77350FDC-9E51-438B-9A8F-D2FEA11D46B2}.Debug|Win32.ActiveCfg = Debug|Win32
		{77350FDC-9E51-438B-9A8F-D2FEA11D46B2}.Debug|Win32.Build.0 = Debug|Win32
		{77350FDC-9E51-438B-9A8F-D2FEA11D46B2}.Debug|x64.ActiveCfg = Debug|x64
		{77350FDC-9E51-438B-9A8F-D2FEA11D46B2}.Debug|x64.Build.0 = Debug|x64
		{77350FDC-9E51-438B-9A8F-D2FEA11D46B2}.DebugVLD|Win32.ActiveCfg = Debug|Win32
		{77350FDC-9E51-438B-9A8F-D2FEA11D46B2}.DebugVLD|Win32.Build.0 = Debug|Win32
		{77350FDC-9E51-438B-9A8F-D2FEA11D46B2}.DebugVLD|x64.ActiveCfg = DebugVLD|x64
		{77350FDC-9E51-438B-9A8F-D2FEA11D46B2}.DebugVLD|x64.Build.0 = DebugVLD|x64
		{77350FDC-9E51-438B-9A8F-D2FEA11D46B2}.ICL-Debug|Win32.ActiveCfg = ICL-Debug|Win32
		{77350FDC-9E51-438B-9A8F-D2FEA11D46B2}.ICL-Debug|Win32.Build.0 = ICL-Debug|Win32
		{77350FDC-9E51-438B-9A8F-D2FEA11D46B2}.ICL-Debug|x64.ActiveCfg = ICL-Debug|x64
		{77350FDC-9E51-438B-9A8F-D2FEA11D46B2}.ICL-Debug|x64.Build.0 = ICL-Debug|x64
		{77350FDC-9E51-438B-9A8F-D2FEA11D46B2}.ICL-Release|Win32.ActiveCfg = ICL-Release|Win32
		{77350FDC-9E51-438B-9A8F-D2FEA11D46B2}.ICL-Release|Win32.Build.0 = ICL-Release|Win32
		{77350FDC-9E51-438B-9A8F-D2FEA11D46B2}.ICL-Release|x64.ActiveCfg = ICL-Release|x64
		{77350FDC-9E51-438B-9A8F-D2FEA11D46B2}.ICL-Release|x64.Build.0 = ICL-Release|x64
		{77350FDC-9E51-438B-9A8F-D2FEA11D46B2}.Release|Win32.ActiveCfg = Release|Win32
		{77350FDC-9E51-438B-9A8F-D2FEA11D46B2}.Release|Win32.Build.0 = Release|Win32
		{77350FDC-9E51-438B-9A8F-D2FEA11D46B2}.Release|x64.ActiveCfg = Release|x64
		{77350FDC-9E51-438B-9A8F-D2FEA11D46B2}.Release|x64.Build.0 = Release|x64
		{6C15AF8A-4A99-49F9-BCF0-1BF36771099A}.Debug|Win32.ActiveCfg = Debug|Win32
		{6C15AF8A-4A99-49F9-BCF0-1BF36771099A}.Debug|Win32.Build.0 = Debug|Win32
		{6C15AF8A-4A99-49F9-BCF0-1BF36771099A}.Debug|x64.ActiveCfg = Debug|x64
		{6C15AF8A-4A99-49F9-BCF0-1BF36771099A}.Debug|x64.Build.0 = Debug|x64
		{6C15AF8A-4A99-49F9-BCF0-1BF36771099A}.DebugVLD|Win32.ActiveCfg = Debug|Win32
		{6C15AF8A-4A99-49F9-BCF0-1BF36771099A}.DebugVLD|Win32.Build.0 = Debug|Win32
		{6C15AF8A-4A99-49F9-BCF0-1BF36771099A}.DebugVLD|x64.ActiveCfg = DebugVLD|x64
		{6C15AF8A-4A99-49F9-BCF0-1BF36771099A}.DebugVLD|x64.Build.0 = DebugVLD|x64
		{6C15AF8A-4A99-49F9-BCF0-1BF36771099A}.ICL-Debug|Win32.ActiveCfg = ICL-Debug|Win32
		{6C15AF8A-4A99-49F9-BCF0-1BF36771099A}.ICL-Debug|Win32.Build.0 = ICL-Debug|Win32
		{6C15AF8A-4A99-49F9-BCF0-1BF36771099A}.ICL-Debug|x64.ActiveCfg = ICL-Debug|x64
		{6C15AF8A-4A99-49F9-BCF0-1BF36771099A}.ICL-Debug|x64.Build.0 = ICL-Debug|x64
		{6C15AF8A-4A99-49F9-BCF0-1BF36771099A}.ICL-Release|Win32.ActiveCfg = ICL-Release|Win32
		{6C15AF8A-4A99-49F9-BCF0-1BF36771099A}.ICL-Release|Win32.Build.0 = ICL-Release|Win32
		{6C15AF8A-4A99-49F9-BCF0-1BF36771099A}.ICL-Release|x64.ActiveCfg = ICL-Release|x64
		{6C15AF8A-4A99-49F9-BCF0-1BF36771099A}.ICL-Release|x64.Build.0 = ICL-Release|x64
		{6C15AF8A-4A99-49F9-BCF0-1BF36771099A}.Release|Win32.ActiveCfg = Release|Win32
		{6C15AF8A-4A99-49F9-BCF0-1BF36771099A}.Release|Win32.Build.0 = Release|Win32
		{6C15AF8A-4A99-49F9-BCF0-1BF36771099A}.Release|x64.ActiveCfg = Release|x64
		{6C15AF8A-4A99-49F9-BCF0-1BF36771099A}.Release|x64.Build.0 = Release|x64
		{E29DE1F7-AE8D-4AE6-98B1-147E5103D974}.Debug|Win32.ActiveCfg = Debug|Win32
		{E29DE1F7-AE8D-4AE6-98B1-147E5103D974}.Debug|Win32.Build.0 = Debug|Win32
		{E29DE1F7-AE8D-4AE6-98B1-147E5103D974}.Debug|x64.ActiveCfg = Debug|x64
		{E29DE1F7-AE8D-4AE6-98B1-147E5103D974}.Debug|x64.Build.0 = Debug|x64
		{E29DE1F7-AE8D-4AE6-98B1-147E5103D974}.DebugVLD|Win32.ActiveCfg = Debug|Win32
		{E29DE1F7-AE8D-4AE6-98B1-147E5103D974}.DebugVLD|Win32.Build.0 = Debug|Win32
		{E29DE1F7-AE8D-4AE6-98B1-147E5103D974}.DebugVLD|x64.ActiveCfg = DebugVLD|x64
		{E29DE1F7-AE8D-4AE6-98B1-147E5103D974}.DebugVLD|x64.Build.0 = DebugVLD|x64
		{E29DE1F7-AE8D-4AE6-98B1-147E5103D974}.ICL-Debug|Win32.ActiveCfg = ICL-Debug|Win32
		{E29DE1F7-AE8D-4AE6-98B1-147E5103D974}.ICL-Debug|Win32.Build.0 = ICL-Debug|Win32
		{E29DE1F7-AE8D-4AE6-98B1-147E5103D974}.ICL-Debug|x64.ActiveCfg = ICL-Debug|x64
		{E29DE1F7-AE8D-4AE6-98B1-147E5103D974}.ICL-Debug|x64.Build.0 = ICL-Debug|x64
		{E29DE1F7-AE8D-4AE6-98B1-147E5103D974}.ICL-Release|Win32.ActiveCfg = ICL-Release|Win32
		{E29DE1F7-AE8D-4AE6-98B1-147E5103D974}.ICL-Release|Win32.Build.0 = ICL-Release|Win32
		{E29DE1F7-AE8D-4AE6-98B1-147E5103D974}.ICL-Release|x64.ActiveCfg = ICL-Release|x64
		{E29DE1F7-AE8D-4AE6-98B1-147E5103D974}.ICL-Release|x64.Build.0 = ICL-Release|x64
		{E29DE1F7-AE8D-4AE6-98B1-147E5103D974}.Release|Win32.ActiveCfg = Release|Win32
		{E29DE1F7-AE8D-4AE6-98B1-147E5103D974}.Release|Win32.Build.0 = Release|Win32
		{E29DE1F7-AE8D-4AE6-98B1-147E5103D974}.Release|x64.ActiveCfg = Release|x64
		{E29DE1F7-AE8D-4AE6-98B1-147E5103D974}.Release|x64.Build.0 = Release|x64
		{CD0BC7FC-9BFF-40B0-8E66-99D244A8A026}.Debug|Win32.ActiveCfg = Debug|Win32
		{CD0BC7FC-9BFF-40B0-8E66-99D244A8A026}.Debug|Win32.Build.0 = Debug|Win32
		{CD0BC7FC-9BFF-40B0-8E66-99D244A8A026}.Debug|x64.ActiveCfg = Debug|x64
		{CD0BC7FC-9BFF-40B0-8E66-99D244A8A026}.Debug|x64.Build.0 = Debug|x64
		{CD0BC7FC-9BFF-40B0-8E66-99D244A8A026}.DebugVLD|Win32.ActiveCfg = DebugVLD|Win32
		{CD0BC7FC-9BFF-40B0-8E66-99D244A8A026}.DebugVLD|Win32.Build.0 = DebugVLD|Win32
		{CD0BC7FC-9BFF-40B0-8E66-99D244A8A026}.DebugVLD|x64.ActiveCfg = DebugVLD|x64
		{CD0BC7FC-9BFF-40B0-8E66-99D244A8A026}.DebugVLD|x64.Build.0 = DebugVLD|x64
		{CD0BC7FC-9BFF-40B0-8E66-99D244A8A026}.ICL-Debug|Win32.ActiveCfg = ICL-Debug|Win32
		{CD0BC7FC-9BFF-40B0-8E66-99D244A8A026}.ICL-Debug|Win32.Build.0 = ICL-Debug|Win32
		{CD0BC7FC-9BFF-40B0-8E66-99D244A8A026}.ICL-Debug|x64.ActiveCfg = ICL-Debug|x64
		{CD0BC7FC-9BFF-40B0-8E66-99D244A8A026}.ICL-Debug|x64.Build.0 = ICL-Debug|x64
		{CD0BC7FC-9BFF-40B0-8E66-99D244A8A026}.ICL-Release|Win32.ActiveCfg = ICL-Release|Win32
		{CD0BC7FC-9BFF-40B0-8E66-99D244A8A026}.ICL-Release|Win32.Build.0 = ICL-Release|Win32
		{CD0BC7FC-9BFF-40B0-8E66-99D244A8A026}.ICL-Release|x64.ActiveCfg = ICL-Release|x64
		{CD0BC7FC-9BFF-40B0-8E66-99D244A8A026}.ICL-Release|x64.Build.0 = ICL-Release|x64
		{CD0BC7FC-9BFF-40B0-8E66-99D244A8A026}.Release|Win32.ActiveCfg = Release|Win32
		{CD0BC7FC-9BFF-40B0-8E66-99D244A8A026}.Release|Win32.Build.0 = Release|Win32
		{CD0BC7FC-9BFF-40B0-8E66-99D244A8A026}.Release|x64.ActiveCfg = Release|x64
		{CD0BC7FC-9BFF-40B0-8E66-99D244A8A026}.Release|x64.Build.0 = Release|x64
		{282E9A9A-386A-40FB-A483-994BACE24830}.Debug|Win32.ActiveCfg = Debug|Win32
		{282E9A9A-386A-40FB-A483-994BACE24830}.Debug|Win32.Build.0 = Debug|Win32
		{282E9A9A-386A-40FB-A483-994BACE24830}.Debug|x64.ActiveCfg = Debug|x64
		{282E9A9A-386A-40FB-A483-994BACE24830}.Debug|x64.Build.0 = Debug|x64
		{282E9A9A-386A-40FB-A483-994BACE24830}.DebugVLD|Win32.ActiveCfg = DebugVLD|Win32
		{282E9A9A-386A-40FB-A483-994BACE24830}.DebugVLD|Win32.Build.0 = DebugVLD|Win32
		{282E9A9A-386A-40FB-A483-994BACE24830}.DebugVLD|x64.ActiveCfg = DebugVLD|x64
		{282E9A9A-386A-40FB-A483-994BACE24830}.DebugVLD|x64.Build.0 = DebugVLD|x64
		{282E9A9A-386A-40FB-A483-994BACE24830}.ICL-Debug|Win32.ActiveCfg = ICL-Debug|Win32
		{282E9A9A-386A-40FB-A483-994BACE24830}.ICL-Debug|Win32.Build.0 = ICL-Debug|Win32
		{282E9A9A-386A-40FB-A483-994BACE24830}.ICL-Debug|x64.ActiveCfg = ICL-Debug|x64
		{282E9A9A-386A-40FB-A483-994BACE24830}.ICL-Debug|x64.Build.0 = ICL-Debug|x64
		{282E9A9A-386A-40FB-A483-994BACE24830}.ICL-Release|Win32.ActiveCfg = ICL-Release|Win32
		{282E9A9A-386A-40FB-A483-994BACE24830}.ICL-Release|Win32.Build.0 = ICL-Release|Win32
		{282E9A9A-386A-40FB-A483-994BACE24830}.ICL-Release|x64.ActiveCfg = ICL-Release|x64
		{282E9A9A-386A-40FB-A483-994BACE24830}.ICL-Release|x64.Build.0 = ICL-Release|x64
		{282E9A9A-386A-40FB-A483-994BACE24830}.Release|Win32.ActiveCfg = Release|Win32
		{282E9A9A-386A-40FB-A483-994BACE24830}.Release|Win32.Build.0 = Release|Win32
		{282E9A9A-386A-40FB-A483-994BACE24830}.Release|x64.ActiveCfg = Release|x64
		{282E9A9A-386A-40FB-A483-994BACE24830}.Release|x64.Build.0 = Release|x64
		{C5E76975-B87B-4B9E-8596-B01DDA683FCA}.Debug|Win32.ActiveCfg = Debug|Win32
		{C5E76975-B87B-4B9E-8596-B01DDA683FCA}.Debug|Win32.Build.0 = Debug|Win32
		{C5E76975-B87B-4B9E-8596-B01DDA683FCA}.Debug|x64.ActiveCfg = Debug|x64
		{C5E76975-B87B-4B9E-8596-B01DDA683FCA}.Debug|x64.Build.0 = Debug|x64
		{C5E76975-B87B-4B9E-8596-B01DDA683FCA}.DebugVLD|Win32.ActiveCfg = DebugVLD|Win32
		{C5E76975-B87B-4B9E-8596-B01DDA683FCA}.DebugVLD|Win32.Build.0 = DebugVLD|Win32
		{C5E76975-B87B-4B9E-8596-B01DDA683FCA}.DebugVLD|x64.ActiveCfg = DebugVLD|x64
		{C5E76975-B87B-4B9E-8596-B01DDA683FCA}.DebugVLD|x64.Build.0 = DebugVLD|x64
		{C5E76975-B87B-4B9E-8596-B01DDA683FCA}.ICL-Debug|Win32.ActiveCfg = ICL-Debug|Win32
		{C5E76975-B87B-4B9E-8596-B01DDA683FCA}.ICL-Debug|Win32.Build.0 = ICL-Debug|Win32
		{C5E76975-B87B-4B9E-8596-B01DDA683FCA}.ICL-Debug|x64.ActiveCfg = ICL-Debug|x64
		{C5E76975-B87B-4B9E-8596-B01DDA683FCA}.ICL-Debug|x64.Build.0 = ICL-Debug|x64
		{C5E76975-B87B-4B9E-8596-B01DDA683FCA}.ICL-Release|Win32.ActiveCfg = ICL-Release|Win32
		{C5E76975-B87B-4B9E-8596-B01DDA683FCA}.ICL-Release|Win32.Build.0 = ICL-Release|Win32
		{C5E76975-B87B-4B9E-8596-B01DDA683FCA}.ICL-Release|x64.ActiveCfg = ICL-Release|x64
		{C5E76975-B87B-4B9E-8596-B01DDA683FCA}.ICL-Release|x64.Build.0 = ICL-Release|x64
		{C5E76975-B87B-4B9E-8596-B01DDA683FCA}.Release|Win32.ActiveCfg = Release|Win32
		{C5E76975-B87B-4B9E-8596-B01DDA683FCA}.Release|Win32.Build.0 = Release|Win32
		{C5E76975-B87B-4B9E-8596-B01DDA683FCA}.Release|x64.ActiveCfg = Release|x64
		{C5E76975-B87B-4B9E-8596-B01DDA683FCA}.Release|x64.Build.0 = Release|x64
		{EFCBBADE-2CF4-4E2B-ADB2-98C8D139E805}.Debug|Win32.ActiveCfg = Debug|Win32
		{EFCBBADE-2CF4-4E2B-ADB2-98C8D139E805}.Debug|Win32.Build.0 = Debug|Win32
		{EFCBBADE-2CF4-4E2B-ADB2-98C8D139E805}.Debug|x64.ActiveCfg = Debug|x64
		{EFCBBADE-2CF4-4E2B-ADB2-98C8D139E805}.Debug|x64.Build.0 = Debug|x64
		{EFCBBADE-2CF4-4E2B-ADB2-98C8D139E805}.DebugVLD|Win32.ActiveCfg = DebugVLD|Win32
		{EFCBBADE-2CF4-4E2B-ADB2-98C8D139E805}.DebugVLD|Win32.Build.0 = DebugVLD|Win32
		{EFCBBADE-2CF4-4E2B-ADB2-98C8D139E805}.DebugVLD|x64.ActiveCfg = DebugVLD|x64
		{EFCBBADE-2CF4-4E2B-ADB2-98C8D139E805}.DebugVLD|x64.Build.0 = DebugVLD|x64
		{EFCBBADE-2CF4-4E2B-ADB2-98C8D139E805}.ICL-Debug|Win32.ActiveCfg = ICL-Debug|Win32
		{EFCBBADE-2CF4-4E2B-ADB2-98C8D139E805}.ICL-Debug|Win32.Build.0 = ICL-Debug|Win32
		{EFCBBADE-2CF4-4E2B-ADB2-98C8D139E805}.ICL-Debug|x64.ActiveCfg = ICL-Debug|x64
		{EFCBBADE-2CF4-4E2B-ADB2-98C8D139E805}.ICL-Debug|x64.Build.0 = ICL-Debug|x64
		{EFCBBADE-2CF4-4E2B-ADB2-98C8D139E805}.ICL-Release|Win32.ActiveCfg = ICL-Release|Win32
		{EFCBBADE-2CF4-4E2B-ADB2-98C8D139E805}.ICL-Release|Win32.Build.0 = ICL-Release|Win32
		{EFCBBADE-2CF4-4E2B-ADB2-98C8D139E805}.ICL-Release|x64.ActiveCfg = ICL-Release|x64
		{EFCBBADE-2CF4-4E2B-ADB2-98C8D139E805}.ICL-Release|x64.Build.0 = ICL-Release|x64
		{EFCBBADE-2CF4-4E2B-ADB2-98C8D139E805}.Release|Win32.ActiveCfg = Release|Win32
		{EFCBBADE-2CF4-4E2B-ADB2-98C8D139E805}.Release|Win32.Build.0 = Release|Win32
		{EFCBBADE-2CF4-4E2B-ADB2-98C8D139E805}.Release|x64.ActiveCfg = Release|x64
		{EFCBBADE-2CF4-4E2B-ADB2-98C8D139E805}.Release|x64.Build.0 = Release|x64
		{3C598F96-FB84-4D42-9B43-F697F53B0221}.Debug|Win32.ActiveCfg = Debug|Win32
		{3C598F96-FB84-4D42-9B43-F697F53B0221}.Debug|Win32.Build.0 = Debug|Win32
		{3C598F96-FB84-4D42-9B43-F697F53B0221}.Debug|x64.ActiveCfg = Debug|x64
		{3C598F96-FB84-4D42-9B43-F697F53B0221}.Debug|x64.Build.0 = Debug|x64
		{3C598F96-FB84-4D42-9B43-F697F53B0221}.DebugVLD|Win32.ActiveCfg = DebugVLD|Win32
		{3C598F96-FB84-4D42-9B43-F697F53B0221}.DebugVLD|Win32.Build.0 = DebugVLD|Win32
		{3C598F96-FB84-4D42-9B43-F697F53B0221}.DebugVLD|x64.ActiveCfg = DebugVLD|x64
		{3C598F96-FB84-4D42-9B43-F697F53B0221}.DebugVLD|x64.Build.0 = DebugVLD|x64
		{3C598F96-FB84-4D42-9B43-F697F53B0221}.ICL-Debug|Win32.ActiveCfg = ICL-Debug|Win32
		{3C598F96-FB84-4D42-9B43-F697F53B0221}.ICL-Debug|Win32.Build.0 = ICL-Debug|Win32
		{3C598F96-FB84-4D42-9B43-F697F53B0221}.ICL-Debug|x64.ActiveCfg = ICL-Debug|x64
		{3C598F96-FB84-4D42-9B43-F697F53B0221}.ICL-Debug|x64.Build.0 = ICL-Debug|x64
		{3C598F96-FB84-4D42-9B43-F697F53B0221}.ICL-Release|Win32.ActiveCfg = ICL-Release|Win32
		{3C598F96-FB84-4D42-9B43-F697F53B0221}.ICL-Release|Win32.Build.0 = ICL-Release|Win32
		{3C598F96-FB84-4D42-9B43-F697F53B0221}.ICL-Release|x64.ActiveCfg = ICL-Release|x64
		{3C598F96-FB84-4D42-9B43-F697F53B0221}.ICL-Release|x64.Build.0 = ICL-Release|x64
		{3C598F96-FB84-4D42-9B43-F697F53B0221}.Release|Win32.ActiveCfg = Release|Win32
		{3C598F96-FB84-4D42-9B43-F697F53B0221}.Release|Win32.Build.0 = Release|Win32
		{3C598F96-FB84-4D42-9B43-F697F53B0221}.Release|x64.ActiveCfg = Release|x64
		{3C598F96-FB84-4D42-9B43-F697F53B0221}.Release|x64.Build.0 = Release|x64
		{BA2A9239-0299-4069-BB0E-16DACE87ADE0}.Debug|Win32.ActiveCfg = Debug|Win32
		{BA2A9239-0299-4069-BB0E-16DACE87ADE0}.Debug|Win32.Build.0 = Debug|Win32
		{BA2A9239-0299-4069-BB0E-16DACE87ADE0}.Debug|x64.ActiveCfg = Debug|x64
		{BA2A9239-0299-4069-BB0E-16DACE87ADE0}.Debug|x64.Build.0 = Debug|x64
		{BA2A9239-0299-4069-BB0E-16DACE87ADE0}.DebugVLD|Win32.ActiveCfg = DebugVLD|Win32
		{BA2A9239-0299-4069-BB0E-16DACE87ADE0}.DebugVLD|Win32.Build.0 = DebugVLD|Win32
		{BA2A9239-0299-4069-BB0E-16DACE87ADE0}.DebugVLD|x64.ActiveCfg = DebugVLD|x64
		{BA2A9239-0299-4069-BB0E-16DACE87ADE0}.DebugVLD|x64.Build.0 = DebugVLD|x64
		{BA2A9239-0299-4069-BB0E-16DACE87ADE0}.ICL-Debug|Win32.ActiveCfg = ICL-Debug|Win32
		{BA2A9239-0299-4069-BB0E-16DACE87ADE0}.ICL-Debug|Win32.Build.0 = ICL-Debug|Win32
		{BA2A9239-0299-4069-BB0E-16DACE87ADE0}.ICL-Debug|x64.ActiveCfg = ICL-Debug|x64
		{BA2A9239-0299-4069-BB0E-16DACE87ADE0}.ICL-Debug|x64.Build.0 = ICL-Debug|x64
		{BA2A9239-0299-4069-BB0E-16DACE87ADE0}.ICL-Release|Win32.ActiveCfg = ICL-Release|Win32
		{BA2A9239-0299-4069-BB0E-16DACE87ADE0}.ICL-Release|Win32.Build.0 = ICL-Release|Win32
		{BA2A9239-0299-4069-BB0E-16DACE87ADE0}.ICL-Release|x64.ActiveCfg = ICL-Release|x64
		{BA2A9239-0299-4069-BB0E-16DACE87ADE0}.ICL-Release|x64.Build.0 = ICL-Release|x64
		{BA2A9239-0299-4069-BB0E-16DACE87ADE0}.Release|Win32.ActiveCfg = Release|Win32
		{BA2A9239-0299-4069-BB0E-16DACE87ADE0}.Release|Win32.Build.0 = Release|Win32
		{BA2A9239-0299-4069-BB0E-16DACE87ADE0}.Release|x64.ActiveCfg = Release|x64
		{BA2A9239-0299-4069-BB0E-16DACE87ADE0}.Release|x64.Build.0 = Release|x64
		{CA25BDBF-B354-4597-B6D2-220ABBB0D2F4}.Debug|Win32.ActiveCfg = Debug|Win32
		{CA25BDBF-B354-4597-B6D2-220ABBB0D2F4}.Debug|Win32.Build.0 = Debug|Win32
		{CA25BDBF-B354-4597-B6D2-220ABBB0D2F4}.Debug|x64.ActiveCfg = Debug|x64
		{CA25BDBF-B354-4597-B6D2-220ABBB0D2F4}.Debug|x64.Build.0 = Debug|x64
		{CA25BDBF-B354-4597-B6D2-220ABBB0D2F4}.DebugVLD|Win32.ActiveCfg = DebugVLD|Win32
		{CA25BDBF-B354-4597-B6D2-220ABBB0D2F4}.DebugVLD|Win32.Build.0 = DebugVLD|Win32
		{CA25BDBF-B354-4597-B6D2-220ABBB0D2F4}.DebugVLD|x64.ActiveCfg = DebugVLD|x64
		{CA25BDBF-B354-4597-B6D2-220ABBB0D2F4}.DebugVLD|x64.Build.0 = DebugVLD|x64
		{CA25BDBF-B354-4597-B6D2-220ABBB0D2F4}.ICL-Debug|Win32.ActiveCfg = ICL-Debug|Win32
		{CA25BDBF-B354-4597-B6D2-220ABBB0D2F4}.ICL-Debug|Win32.Build.0 = ICL-Debug|Win32
		{CA25BDBF-B354-4597-B6D2-220ABBB0D2F4}.ICL-Debug|x64.ActiveCfg = ICL-Debug|x64
		{CA25BDBF-B354-4597-B6D2-220ABBB0D2F4}.ICL-Debug|x64.Build.0 = ICL-Debug|x64
		{CA25BDBF-B354-4597-B6D2-220ABBB0D2F4}.ICL-Release|Win32.ActiveCfg = ICL-Release|Win32
		{CA25BDBF-B354-4597-B6D2-220ABBB0D2F4}.ICL-Release|Win32.Build.0 = ICL-Release|Win32
		{CA25BDBF-B354-4597-B6D2-220ABBB0D2F4}.ICL-Release|x64.ActiveCfg = ICL-Release|x64
		{CA25BDBF-B354-4597-B6D2-220ABBB0D2F4}.ICL-Release|x64.Build.0 = ICL-Release|x64
		{CA25BDBF-B354-4597-B6D2-220ABBB0D2F4}.Release|Win32.ActiveCfg = Release|Win32
		{CA25BDBF-B354-4597-B6D2-220ABBB0D2F4}.Release|Win32.Build.0 = Release|Win32
		{CA25BDBF-B354-4597-B6D2-220ABBB0D2F4}.Release|x64.ActiveCfg = Release|x64
		{CA25BDBF-B354-4597-B6D2-220ABBB0D2F4}.Release|x64.Build.0 = Release|x64
		{AF7B2253-2E6D-4992-94D9-4B3699C54929}.Debug|Win32.ActiveCfg = Debug|Win32
		{AF7B2253-2E6D-4992-94D9-4B3699C54929}.Debug|Win32.Build.0 = Debug|Win32
		{AF7B2253-2E6D-4992-94D9-4B3699C54929}.Debug|x64.ActiveCfg = Debug|x64
		{AF7B2253-2E6D-4992-94D9-4B3699C54929}.Debug|x64.Build.0 = Debug|x64
		{AF7B2253-2E6D-4992-94D9-4B3699C54929}.DebugVLD|Win32.ActiveCfg = DebugVLD|Win32
		{AF7B2253-2E6D-4992-94D9-4B3699C54929}.DebugVLD|Win32.Build.0 = DebugVLD|Win32
		{AF7B2253-2E6D-4992-94D9-4B3699C54929}.DebugVLD|x64.ActiveCfg = DebugVLD|x64
		{AF7B2253-2E6D-4992-94D9-4B3699C54929}.DebugVLD|x64.Build.0 = DebugVLD|x64
		{AF7B2253-2E6D-4992-94D9-4B3699C54929}.ICL-Debug|Win32.ActiveCfg = ICL-Debug|Win32
		{AF7B2253-2E6D-4992-94D9-4B3699C54929}.ICL-Debug|Win32.Build.0 = ICL-Debug|Win32
		{AF7B2253-2E6D-4992-94D9-4B3699C54929}.ICL-Debug|x64.ActiveCfg = ICL-Debug|x64
		{AF7B2253-2E6D-4992-94D9-4B3699C54929}.ICL-Debug|x64.Build.0 = ICL-Debug|x64
		{AF7B2253-2E6D-4992-94D9-4B3699C54929}.ICL-Release|Win32.ActiveCfg = ICL-Release|Win32
		{AF7B2253-2E6D-4992-94D9-4B3699C54929}.ICL-Release|Win32.Build.0 = ICL-Release|Win32
		{AF7B2253-2E6D-4992-94D9-4B3699C54929}.ICL-Release|x64.ActiveCfg = ICL-Release|x64
		{AF7B2253-2E6D-4992-94D9-4B3699C54929}.ICL-Release|x64.Build.0 = ICL-Release|x64
		{AF7B2253-2E6D-4992-94D9-4B3699C54929}.Release|Win32.ActiveCfg = Release|Win32
		{AF7B2253-2E6D-4992-94D9-4B3699C54929}.Release|Win32.Build.0 = Release|Win32
		{AF7B2253-2E6D-4992-94D9-4B3699C54929}.Release|x64.ActiveCfg = Release|x64
		{AF7B2253-2E6D-4992-94D9-4B3699C54929}.Release|x64.Build.0 = Release|x64
		{BA23811C-D4CB-4836-B2F3-6791BD6FFCD1}.Debug|Win32.ActiveCfg = Debug|Win32
		{BA23811C-D4CB-4836-B2F3-6791BD6FFCD1}.Debug|Win32.Build.0 = Debug|Win32
		{BA23811C-D4CB-4836-B2F3-6791BD6FFCD1}.Debug|x64.ActiveCfg = Debug|x64
		{BA23811C-D4CB-4836-B2F3-6791BD6FFCD1}.Debug|x64.Build.0 = Debug|x64
		{BA23811C-D4CB-4836-B2F3-6791BD6FFCD1}.DebugVLD|Win32.ActiveCfg = DebugVLD|Win32
		{BA23811C-D4CB-4836-B2F3-6791BD6FFCD1}.DebugVLD|Win32.Build.0 = DebugVLD|Win32
		{BA23811C-D4CB-4836-B2F3-6791BD6FFCD1}.DebugVLD|x64.ActiveCfg = DebugVLD|x64
		{BA23811C-D4CB-4836-B2F3-6791BD6FFCD1}.DebugVLD|x64.Build.0 = DebugVLD|x64
		{BA23811C-D4CB-4836-B2F3-6791BD6FFCD1}.ICL-Debug|Win32.ActiveCfg = ICL-Debug|Win32
		{BA23811C-D4CB-4836-B2F3-6791BD6FFCD1}.ICL-Debug|Win32.Build.0 = ICL-Debug|Win32
		{BA23811C-D4CB-4836-B2F3-6791BD6FFCD1}.ICL-Debug|x64.ActiveCfg = ICL-Debug|x64
		{BA23811C-D4CB-4836-B2F3-6791BD6FFCD1}.ICL-Debug|x64.Build.0 = ICL-Debug|x64
		{BA23811C-D4CB-4836-B2F3-6791BD6FFCD1}.ICL-Release|Win32.ActiveCfg = ICL-Release|Win32
		{BA23811C-D4CB-4836-B2F3-6791BD6FFCD1}.ICL-Release|Win32.Build.0 = ICL-Release|Win32
		{BA23811C-D4CB-4836-B2F3-6791BD6FFCD1}.ICL-Release|x64.ActiveCfg = ICL-Release|x64
		{BA23811C-D4CB-4836-B2F3-6791BD6FFCD1}.ICL-Release|x64.Build.0 = ICL-Release|x64
		{BA23811C-D4CB-4836-B2F3-6791BD6FFCD1}.Release|Win32.ActiveCfg = Release|Win32
		{BA23811C-D4CB-4836-B2F3-6791BD6FFCD1}.Release|Win32.Build.0 = Release|Win32
		{BA23811C-D4CB-4836-B2F3-6791BD6FFCD1}.Release|x64.ActiveCfg = Release|x64
		{BA23811C-D4CB-4836-B2F3-6791BD6FFCD1}.Release|x64.Build.0 = Release|x64
		{90192F7D-5850-41DD-AE89-62D26B387162}.Debug|Win32.ActiveCfg = Debug|Win32
		{90192F7D-5850-41DD-AE89-62D26B387162}.Debug|Win32.Build.0 = Debug|Win32
		{90192F7D-5850-41DD-AE89-62D26B387162}.Debug|x64.ActiveCfg = Debug|x64
		{90192F7D-5850-41DD-AE89-62D26B387162}.Debug|x64.Build.0 = Debug|x64
		{90192F7D-5850-41DD-AE89-62D26B387162}.DebugVLD|Win32.ActiveCfg = DebugVLD|Win32
		{90192F7D-5850-41DD-AE89-62D26B387162}.DebugVLD|Win32.Build.0 = DebugVLD|Win32
		{90192F7D-5850-41DD-AE89-62D26B387162}.DebugVLD|x64.ActiveCfg = DebugVLD|x64
		{90192F7D-5850-41DD-AE89-62D26B387162}.DebugVLD|x64.Build.0 = DebugVLD|x64
		{90192F7D-5850-41DD-AE89-62D26B387162}.ICL-Debug|Win32.ActiveCfg = ICL-Debug|Win32
		{90192F7D-5850-41DD-AE89-62D26B387162}.ICL-Debug|Win32.Build.0 = ICL-Debug|Win32
		{90192F7D-5850-41DD-AE89-62D26B387162}.ICL-Debug|x64.ActiveCfg = ICL-Debug|x64
		{90192F7D-5850-41DD-AE89-62D26B387162}.ICL-Debug|x64.Build.0 = ICL-Debug|x64
		{90192F7D-5850-41DD-AE89-62D26B387162}.ICL-Release|Win32.ActiveCfg = ICL-Release|Win32
		{90192F7D-5850-41DD-AE89-62D26B387162}.ICL-Release|Win32.Build.0 = ICL-Release|Win32
		{90192F7D-5850-41DD-AE89-62D26B387162}.ICL-Release|x64.ActiveCfg = ICL-Release|x64
		{90192F7D-5850-41DD-AE89-62D26B387162}.ICL-Release|x64.Build.0 = ICL-Release|x64
		{90192F7D-5850-41DD-AE89-62D26B387162}.Release|Win32.ActiveCfg = Release|Win32
		{90192F7D-5850-41DD-AE89-62D26B387162}.Release|Win32.Build.0 = Release|Win32
		{90192F7D-5850-41DD-AE89-62D26B387162}.Release|x64.ActiveCfg = Release|x64
		{90192F7D-5850-41DD-AE89-62D26B387162}.Release|x64.Build.0 = Release|x64
		{33664E63-8D24-4FF4-A744-9782EB711509}.Debug|Win32.ActiveCfg = Debug|Win32
		{33664E63-8D24-4FF4-A744-9782EB711509}.Debug|Win32.Build.0 = Debug|Win32
		{33664E63-8D24-4FF4-A744-9782EB711509}.Debug|x64.ActiveCfg = Debug|x64
		{33664E63-8D24-4FF4-A744-9782EB711509}.Debug|x64.Build.0 = Debug|x64
		{33664E63-8D24-4FF4-A744-9782EB711509}.DebugVLD|Win32.ActiveCfg = DebugVLD|Win32
		{33664E63-8D24-4FF4-A744-9782EB711509}.DebugVLD|Win32.Build.0 = DebugVLD|Win32
		{33664E63-8D24-4FF4-A744-9782EB711509}.DebugVLD|x64.ActiveCfg = DebugVLD|x64
		{33664E63-8D24-4FF4-A744-9782EB711509}.DebugVLD|x64.Build.0 = DebugVLD|x64
		{33664E63-8D24-4FF4-A744-9782EB711509}.ICL-Debug|Win32.ActiveCfg = ICL-Debug|Win32
		{33664E63-8D24-4FF4-A744-9782EB711509}.ICL-Debug|Win32.Build.0 = ICL-Debug|Win32
		{33664E63-8D24-4FF4-A744-9782EB711509}.ICL-Debug|x64.ActiveCfg = ICL-Debug|x64
		{33664E63-8D24-4FF4-A744-9782EB711509}.ICL-Debug|x64.Build.0 = ICL-Debug|x64
		{33664E63-8D24-4FF4-A744-9782EB711509}.ICL-Release|Win32.ActiveCfg = ICL-Release|Win32
		{33664E63-8D24-4FF4-A744-9782EB711509}.ICL-Release|Win32.Build.0 = ICL-Release|Win32
		{33664E63-8D24-4FF4-A744-9782EB711509}.ICL-Release|x64.ActiveCfg = ICL-Release|x64
		{33664E63-8D24-4FF4-A744-9782EB711509}.ICL-Release|x64.Build.0 = ICL-Release|x64
		{33664E63-8D24-4FF4-A744-9782EB711509}.Release|Win32.ActiveCfg = Release|Win32
		{33664E63-8D24-4FF4-A744-9782EB711509}.Release|Win32.Build.0 = Release|Win32
		{33664E63-8D24-4FF4-A744-9782EB711509}.Release|x64.ActiveCfg = Release|x64
		{33664E63-8D24-4FF4-A744-9782EB711509}.Release|x64.Build.0 = Release|x64
		{E5E9DB4A-7816-45D4-A116-6BBBA0EE8EE7}.Debug|Win32.ActiveCfg = Debug|Win32
		{E5E9DB4A-7816-45D4-A116-6BBBA0EE8EE7}.Debug|Win32.Build.0 = Debug|Win32
		{E5E9DB4A-7816-45D4-A116-6BBBA0EE8EE7}.Debug|x64.ActiveCfg = Debug|x64
		{E5E9DB4A-7816-45D4-A116-6BBBA0EE8EE7}.Debug|x64.Build.0 = Debug|x64
		{E5E9DB4A-7816-45D4-A116-6BBBA0EE8EE7}.DebugVLD|Win32.ActiveCfg = DebugVLD|Win32
		{E5E9DB4A-7816-45D4-A116-6BBBA0EE8EE7}.DebugVLD|Win32.Build.0 = DebugVLD|Win32
		{E5E9DB4A-7816-45D4-A116-6BBBA0EE8EE7}.DebugVLD|x64.ActiveCfg = DebugVLD|x64
		{E5E9DB4A-7816-45D4-A116-6BBBA0EE8EE7}.DebugVLD|x64.Build.0 = DebugVLD|x64
		{E5E9DB4A-7816-45D4-A116-6BBBA0EE8EE7}.ICL-Debug|Win32.ActiveCfg = ICL-Debug|Win32
		{E5E9DB4A-7816-45D4-A116-6BBBA0EE8EE7}.ICL-Debug|Win32.Build.0 = ICL-Debug|Win32
		{E5E9DB4A-7816-45D4-A116-6BBBA0EE8EE7}.ICL-Debug|x64.ActiveCfg = ICL-Debug|x64
		{E5E9DB4A-7816-45D4-A116-6BBBA0EE8EE7}.ICL-Debug|x64.Build.0 = ICL-Debug|x64
		{E5E9DB4A-7816-45D4-A116-6BBBA0EE8EE7}.ICL-Release|Win32.ActiveCfg = ICL-Release|Win32
		{E5E9DB4A-7816-45D4-A116-6BBBA0EE8EE7}.ICL-Release|Win32.Build.0 = ICL-Release|Win32
		{E5E9DB4A-7816-45D4-A116-6BBBA0EE8EE7}.ICL-Release|x64.ActiveCfg = ICL-Release|x64
		{E5E9DB4A-7816-45D4-A116-6BBBA0EE8EE7}.ICL-Release|x64.Build.0 = ICL-Release|x64
		{E5E9DB4A-7816-45D4-A116-6BBBA0EE8EE7}.Release|Win32.ActiveCfg = Release|Win32
		{E5E9DB4A-7816-45D4-A116-6BBBA0EE8EE7}.Release|Win32.Build.0 = Release|Win32
		{E5E9DB4A-7816-45D4-A116-6BBBA0EE8EE7}.Release|x64.ActiveCfg = Release|x64
		{E5E9DB4A-7816-45D4-A116-6BBBA0EE8EE7}.Release|x64.Build.0 = Release|x64
		{E3F2927A-6ED6-4B18-BDE6-B3B760E1AF18}.Debug|Win32.ActiveCfg = Debug|Win32
		{E3F2927A-6ED6-4B18-BDE6-B3B760E1AF18}.Debug|Win32.Build.0 = Debug|Win32
		{E3F2927A-6ED6-4B18-BDE6-B3B760E1AF18}.Debug|x64.ActiveCfg = Debug|x64
		{E3F2927A-6ED6-4B18-BDE6-B3B760E1AF18}.Debug|x64.Build.0 = Debug|x64
		{E3F2927A-6ED6-4B18-BDE6-B3B760E1AF18}.DebugVLD|Win32.ActiveCfg = DebugVLD|Win32
		{E3F2927A-6ED6-4B18-BDE6-B3B760E1AF18}.DebugVLD|Win32.Build.0 = DebugVLD|Win32
		{E3F2927A-6ED6-4B18-BDE6-B3B760E1AF18}.DebugVLD|x64.ActiveCfg = DebugVLD|x64
		{E3F2927A-6ED6-4B18-BDE6-B3B760E1AF18}.DebugVLD|x64.Build.0 = DebugVLD|x64
		{E3F2927A-6ED6-4B18-BDE6-B3B760E1AF18}.ICL-Debug|Win32.ActiveCfg = ICL-Debug|Win32
		{E3F2927A-6ED6-4B18-BDE6-B3B760E1AF18}.ICL-Debug|Win32.Build.0 = ICL-Debug|Win32
		{E3F2927A-6ED6-4B18-BDE6-B3B760E1AF18}.ICL-Debug|x64.ActiveCfg = ICL-Debug|x64
		{E3F2927A-6ED6-4B18-BDE6-B3B760E1AF18}.ICL-Debug|x64.Build.0 = ICL-Debug|x64
		{E3F2927A-6ED6-4B18-BDE6-B3B760E1AF18}.ICL-Release|Win32.ActiveCfg = ICL-Release|Win32
		{E3F2927A-6ED6-4B18-BDE6-B3B760E1AF18}.ICL-Release|Win32.Build.0 = ICL-Release|Win32
		{E3F2927A-6ED6-4B18-BDE6-B3B760E1AF18}.ICL-Release|x64.ActiveCfg = ICL-Release|x64
		{E3F2927A-6ED6-4B18-BDE6-B3B760E1AF18}.ICL-Release|x64.Build.0 = ICL-Release|x64
		{E3F2927A-6ED6-4B18-BDE6-B3B760E1AF18}.Release|Win32.ActiveCfg = Release|Win32
		{E3F2927A-6ED6-4B18-BDE6-B3B760E1AF18}.Release|Win32.Build.0 = Release|Win32
		{E3F2927A-6ED6-4B18-BDE6-B3B760E1AF18}.Release|x64.ActiveCfg = Release|x64
		{E3F2927A-6ED6-4B18-BDE6-B3B760E1AF18}.Release|x64.Build.0 = Release|x64
		{A38E5597-6916-4480-A343-C9846EF544E4}.Debug|Win32.ActiveCfg = Debug|Win32
		{A38E5597-6916-4480-A343-C9846EF544E4}.Debug|Win32.Build.0 = Debug|Win32
		{A38E5597-6916-4480-A343-C9846EF544E4}.Debug|x64.ActiveCfg = Debug|x64
		{A38E5597-6916-4480-A343-C9846EF544E4}.Debug|x64.Build.0 = Debug|x64
		{A38E5597-6916-4480-A343-C9846EF544E4}.DebugVLD|Win32.ActiveCfg = DebugVLD|Win32
		{A38E5597-6916-4480-A343-C9846EF544E4}.DebugVLD|Win32.Build.0 = DebugVLD|Win32
		{A38E5597-6916-4480-A343-C9846EF544E4}.DebugVLD|x64.ActiveCfg = DebugVLD|x64
		{A38E5597-6916-4480-A343-C9846EF544E4}.DebugVLD|x64.Build.0 = DebugVLD|x64
		{A38E5597-6916-4480-A343-C9846EF544E4}.ICL-Debug|Win32.ActiveCfg = ICL-Debug|Win32
		{A38E5597-6916-4480-A343-C9846EF544E4}.ICL-Debug|Win32.Build.0 = ICL-Debug|Win32
		{A38E5597-6916-4480-A343-C9846EF544E4}.ICL-Debug|x64.ActiveCfg = ICL-Debug|x64
		{A38E5597-6916-4480-A343-C9846EF544E4}.ICL-Debug|x64.Build.0 = ICL-Debug|x64
		{A38E5597-6916-4480-A343-C9846EF544E4}.ICL-Release|Win32.ActiveCfg = ICL-Release|Win32
		{A38E5597-6916-4480-A343-C9846EF544E4}.ICL-Release|Win32.Build.0 = ICL-Release|Win32
		{A38E5597-6916-4480-A343-C9846EF544E4}.ICL-Release|x64.ActiveCfg = ICL-Release|x64
		{A38E5597-6916-4480-A343-C9846EF544E4}.ICL-Release|x64.Build.0 = ICL-Release|x64
		{A38E5597-6916-4480-A343-C9846EF544E4}.Release|Win32.ActiveCfg = Release|Win32
		{A38E5597-6916-4480-A343-C9846EF544E4}.Release|Win32.Build.0 = Release|Win32
		{A38E5597-6916-4480-A343-C9846EF544E4}.Release|x64.ActiveCfg = Release|x64
		{A38E5597-6916-4480-A343-C9846EF544E4}.Release|x64.Build.0 = Release|x64
		{6F834EAD-7B94-4979-A0F1-A662E3D30145}.Debug|Win32.ActiveCfg = Debug|Win32
		{6F834EAD-7B94-4979-A0F1-A662E3D30145}.Debug|Win32.Build.0 = Debug|Win32
		{6F834EAD-7B94-4979-A0F1-A662E3D30145}.Debug|x64.ActiveCfg = Debug|x64
		{6F834EAD-7B94-4979-A0F1-A662E3D30145}.Debug|x64.Build.0 = Debug|x64
		{6F834EAD-7B94-4979-A0F1-A662E3D30145}.DebugVLD|Win32.ActiveCfg = DebugVLD|Win32
		{6F834EAD-7B94-4979-A0F1-A662E3D30145}.DebugVLD|Win32.Build.0 = DebugVLD|Win32
		{6F834EAD-7B94-4979-A0F1-A662E3D30145}.DebugVLD|x64.ActiveCfg = DebugVLD|x64
		{6F834EAD-7B94-4979-A0F1-A662E3D30145}.DebugVLD|x64.Build.0 = DebugVLD|x64
		{6F834EAD-7B94-4979-A0F1-A662E3D30145}.ICL-Debug|Win32.ActiveCfg = ICL-Debug|Win32
		{6F834EAD-7B94-4979-A0F1-A662E3D30145}.ICL-Debug|Win32.Build.0 = ICL-Debug|Win32
		{6F834EAD-7B94-4979-A0F1-A662E3D30145}.ICL-Debug|x64.ActiveCfg = ICL-Debug|x64
		{6F834EAD-7B94-4979-A0F1-A662E3D30145}.ICL-Debug|x64.Build.0 = ICL-Debug|x64
		{6F834EAD-7B94-4979-A0F1-A662E3D30145}.ICL-Release|Win32.ActiveCfg = ICL-Release|Win32
		{6F834EAD-7B94-4979-A0F1-A662E3D30145}.ICL-Release|Win32.Build.0 = ICL-Release|Win32
		{6F834EAD-7B94-4979-A0F1-A662E3D30145}.ICL-Release|x64.ActiveCfg = ICL-Release|x64
		{6F834EAD-7B94-4979-A0F1-A662E3D30145}.ICL-Release|x64.Build.0 = ICL-Release|x64
		{6F834EAD-7B94-4979-A0F1-A662E3D30145}.Release|Win32.ActiveCfg = Release|Win32
		{6F834EAD-7B94-4979-A0F1-A662E3D30145}.Release|Win32.Build.0 = Release|Win32
		{6F834EAD-7B94-4979-A0F1-A662E3D30145}.Release|x64.ActiveCfg = Release|x64
		{6F834EAD-7B94-4979-A0F1-A662E3D30145}.Release|x64.Build.0 = Release|x64
		{20B6C380-E96A-4CFF-BC17-D88AAE581919}.Debug|Win32.ActiveCfg = Debug|Win32
		{20B6C380-E96A-4CFF-BC17-D88AAE581919}.Debug|Win32.Build.0 = Debug|Win32
		{20B6C380-E96A-4CFF-BC17-D88AAE581919}.Debug|x64.ActiveCfg = Debug|x64
		{20B6C380-E96A-4CFF-BC17-D88AAE581919}.Debug|x64.Build.0 = Debug|x64
		{20B6C380-E96A-4CFF-BC17-D88AAE581919}.DebugVLD|Win32.ActiveCfg = DebugVLD|Win32
		{20B6C380-E96A-4CFF-BC17-D88AAE581919}.DebugVLD|Win32.Build.0 = DebugVLD|Win32
		{20B6C380-E96A-4CFF-BC17-D88AAE581919}.DebugVLD|x64.ActiveCfg = DebugVLD|x64
		{20B6C380-E96A-4CFF-BC17-D88AAE581919}.DebugVLD|x64.Build.0 = DebugVLD|x64
		{20B6C380-E96A-4CFF-BC17-D88AAE581919}.ICL-Debug|Win32.ActiveCfg = ICL-Debug|Win32
		{20B6C380-E96A-4CFF-BC17-D88AAE581919}.ICL-Debug|Win32.Build.0 = ICL-Debug|Win32
		{20B6C380-E96A-4CFF-BC17-D88AAE581919}.ICL-Debug|x64.ActiveCfg = ICL-Debug|x64
		{20B6C380-E96A-4CFF-BC17-D88AAE581919}.ICL-Debug|x64.Build.0 = ICL-Debug|x64
		{20B6C380-E96A-4CFF-BC17-D88AAE581919}.ICL-Release|Win32.ActiveCfg = ICL-Release|Win32
		{20B6C380-E96A-4CFF-BC17-D88AAE581919}.ICL-Release|Win32.Build.0 = ICL-Release|Win32
		{20B6C380-E96A-4CFF-BC17-D88AAE581919}.ICL-Release|x64.ActiveCfg = ICL-Release|x64
		{20B6C380-E96A-4CFF-BC17-D88AAE581919}.ICL-Release|x64.Build.0 = ICL-Release|x64
		{20B6C380-E96A-4CFF-BC17-D88AAE581919}.Release|Win32.ActiveCfg = Release|Win32
		{20B6C380-E96A-4CFF-BC17-D88AAE581919}.Release|Win32.Build.0 = Release|Win32
		{20B6C380-E96A-4CFF-BC17-D88AAE581919}.Release|x64.ActiveCfg = Release|x64
		{20B6C380-E96A-4CFF-BC17-D88AAE581919}.Release|x64.Build.0 = Release|x64
	EndGlobalSection
	GlobalSection(SolutionProperties) = preSolution
		HideSolutionNode = FALSE
	EndGlobalSection
	GlobalSection(NestedProjects) = preSolution
		{61179F2F-07E1-490D-B64D-D85A90B6EF81} = {B30CA283-1796-4763-92C3-2E4848D443F7}
		{77350FDC-9E51-438B-9A8F-D2FEA11D46B2} = {B30CA283-1796-4763-92C3-2E4848D443F7}
		{6C15AF8A-4A99-49F9-BCF0-1BF36771099A} = {B30CA283-1796-4763-92C3-2E4848D443F7}
		{E29DE1F7-AE8D-4AE6-98B1-147E5103D974} = {B30CA283-1796-4763-92C3-2E4848D443F7}
		{CD0BC7FC-9BFF-40B0-8E66-99D244A8A026} = {B8C24D26-A3BF-4DA6-B64C-142CBA4BFE75}
		{282E9A9A-386A-40FB-A483-994BACE24830} = {B8C24D26-A3BF-4DA6-B64C-142CBA4BFE75}
		{C5E76975-B87B-4B9E-8596-B01DDA683FCA} = {B8C24D26-A3BF-4DA6-B64C-142CBA4BFE75}
		{EFCBBADE-2CF4-4E2B-ADB2-98C8D139E805} = {B8C24D26-A3BF-4DA6-B64C-142CBA4BFE75}
		{6BB7A27F-FC59-4267-B6FA-D034176D1459} = {B30CA283-1796-4763-92C3-2E4848D443F7}
		{A64449B7-90FB-4E2B-A686-9EFC0E298644} = {B30CA283-1796-4763-92C3-2E4848D443F7}
		{3C598F96-FB84-4D42-9B43-F697F53B0221} = {6BB7A27F-FC59-4267-B6FA-D034176D1459}
		{BA2A9239-0299-4069-BB0E-16DACE87ADE0} = {6BB7A27F-FC59-4267-B6FA-D034176D1459}
		{CA25BDBF-B354-4597-B6D2-220ABBB0D2F4} = {6BB7A27F-FC59-4267-B6FA-D034176D1459}
		{AF7B2253-2E6D-4992-94D9-4B3699C54929} = {A64449B7-90FB-4E2B-A686-9EFC0E298644}
		{BA23811C-D4CB-4836-B2F3-6791BD6FFCD1} = {A64449B7-90FB-4E2B-A686-9EFC0E298644}
		{90192F7D-5850-41DD-AE89-62D26B387162} = {B8C24D26-A3BF-4DA6-B64C-142CBA4BFE75}
		{33664E63-8D24-4FF4-A744-9782EB711509} = {B8C24D26-A3BF-4DA6-B64C-142CBA4BFE75}
		{E5E9DB4A-7816-45D4-A116-6BBBA0EE8EE7} = {B8C24D26-A3BF-4DA6-B64C-142CBA4BFE75}
		{E3F2927A-6ED6-4B18-BDE6-B3B760E1AF18} = {B8C24D26-A3BF-4DA6-B64C-142CBA4BFE75}
		{A38E5597-6916-4480-A343-C9846EF544E4} = {B8C24D26-A3BF-4DA6-B64C-142CBA4BFE75}
		{6F834EAD-7B94-4979-A0F1-A662E3D30145} = {B8C24D26-A3BF-4DA6-B64C-142CBA4BFE75}
		{20B6C380-E96A-4CFF-BC17-D88AAE581919} = {B30CA283-1796-4763-92C3-2E4848D443F7}
	EndGlobalSection
	GlobalSection(DPCodeReviewSolutionGUID) = preSolution
		DPCodeReviewSolutionGUID = {00000000-0000-0000-0000-000000000000}
	EndGlobalSection
EndGlobal
