<?xml version="1.0" encoding="utf-8"?>
<Project ToolsVersion="4.0" xmlns="http://schemas.microsoft.com/developer/msbuild/2003">
  <ItemGroup>
    <ClCompile Include="..\..\..\tests\test-hdr\ordered_list\hdr_intrusive_lazy_hp.cpp">
      <Filter>intrusive</Filter>
    </ClCompile>
    <ClCompile Include="..\..\..\tests\test-hdr\ordered_list\hdr_intrusive_lazy_nogc.cpp">
      <Filter>intrusive</Filter>
    </ClCompile>
    <ClCompile Include="..\..\..\tests\test-hdr\ordered_list\hdr_intrusive_lazy_rcu_gpb.cpp">
      <Filter>intrusive</Filter>
    </ClCompile>
    <ClCompile Include="..\..\..\tests\test-hdr\ordered_list\hdr_intrusive_lazy_rcu_gpi.cpp">
      <Filter>intrusive</Filter>
    </ClCompile>
    <ClCompile Include="..\..\..\tests\test-hdr\ordered_list\hdr_intrusive_lazy_rcu_gpt.cpp">
      <Filter>intrusive</Filter>
    </ClCompile>
    <ClCompile Include="..\..\..\tests\test-hdr\ordered_list\hdr_intrusive_michael_hp.cpp">
      <Filter>intrusive</Filter>
    </ClCompile>
    <ClCompile Include="..\..\..\tests\test-hdr\ordered_list\hdr_intrusive_michael_list_rcu_gpb.cpp">
      <Filter>intrusive</Filter>
    </ClCompile>
    <ClCompile Include="..\..\..\tests\test-hdr\ordered_list\hdr_intrusive_michael_list_rcu_gpi.cpp">
      <Filter>intrusive</Filter>
    </ClCompile>
    <ClCompile Include="..\..\..\tests\test-hdr\ordered_list\hdr_intrusive_michael_list_rcu_gpt.cpp">
      <Filter>intrusive</Filter>
    </ClCompile>
    <ClCompile Include="..\..\..\tests\test-hdr\ordered_list\hdr_intrusive_michael_nogc.cpp">
      <Filter>intrusive</Filter>
    </ClCompile>
    <ClCompile Include="..\..\..\tests\test-hdr\ordered_list\hdr_lazy_hp.cpp">
      <Filter>container</Filter>
    </ClCompile>
    <ClCompile Include="..\..\..\tests\test-hdr\ordered_list\hdr_lazy_kv_hp.cpp">
      <Filter>container</Filter>
    </ClCompile>
    <ClCompile Include="..\..\..\tests\test-hdr\ordered_list\hdr_lazy_kv_nogc.cpp">
      <Filter>container</Filter>
    </ClCompile>
    <ClCompile Include="..\..\..\tests\test-hdr\ordered_list\hdr_lazy_nogc.cpp">
      <Filter>container</Filter>
    </ClCompile>
    <ClCompile Include="..\..\..\tests\test-hdr\ordered_list\hdr_lazy_rcu_gpb.cpp">
      <Filter>container</Filter>
    </ClCompile>
    <ClCompile Include="..\..\..\tests\test-hdr\ordered_list\hdr_lazy_rcu_gpi.cpp">
      <Filter>container</Filter>
    </ClCompile>
    <ClCompile Include="..\..\..\tests\test-hdr\ordered_list\hdr_lazy_rcu_gpt.cpp">
      <Filter>container</Filter>
    </ClCompile>
    <ClCompile Include="..\..\..\tests\test-hdr\ordered_list\hdr_michael_hp.cpp">
      <Filter>container</Filter>
    </ClCompile>
    <ClCompile Include="..\..\..\tests\test-hdr\ordered_list\hdr_michael_kv_hp.cpp">
      <Filter>container</Filter>
    </ClCompile>
    <ClCompile Include="..\..\..\tests\test-hdr\ordered_list\hdr_michael_kv_nogc.cpp">
      <Filter>container</Filter>
    </ClCompile>
    <ClCompile Include="..\..\..\tests\test-hdr\ordered_list\hdr_michael_nogc.cpp">
      <Filter>container</Filter>
    </ClCompile>
    <ClCompile Include="..\..\..\tests\test-hdr\ordered_list\hdr_michael_rcu_gpb.cpp">
      <Filter>container</Filter>
    </ClCompile>
    <ClCompile Include="..\..\..\tests\test-hdr\ordered_list\hdr_michael_rcu_gpi.cpp">
      <Filter>container</Filter>
    </ClCompile>
    <ClCompile Include="..\..\..\tests\test-hdr\ordered_list\hdr_michael_rcu_gpt.cpp">
      <Filter>container</Filter>
    </ClCompile>
    <ClCompile Include="..\..\..\tests\test-hdr\ordered_list\hdr_michael_kv_rcu_gpb.cpp">
      <Filter>container</Filter>
    </ClCompile>
    <ClCompile Include="..\..\..\tests\test-hdr\ordered_list\hdr_michael_kv_rcu_gpi.cpp">
      <Filter>container</Filter>
    </ClCompile>
    <ClCompile Include="..\..\..\tests\test-hdr\ordered_list\hdr_michael_kv_rcu_gpt.cpp">
      <Filter>container</Filter>
    </ClCompile>
    <ClCompile Include="..\..\..\tests\test-hdr\ordered_list\hdr_lazy_kv_rcu_gpb.cpp">
      <Filter>container</Filter>
    </ClCompile>
    <ClCompile Include="..\..\..\tests\test-hdr\ordered_list\hdr_lazy_kv_rcu_gpi.cpp">
      <Filter>container</Filter>
    </ClCompile>
    <ClCompile Include="..\..\..\tests\test-hdr\ordered_list\hdr_lazy_kv_rcu_gpt.cpp">
      <Filter>container</Filter>
    </ClCompile>
    <ClCompile Include="..\..\..\tests\test-hdr\ordered_list\hdr_intrusive_lazy_rcu_shb.cpp">
      <Filter>intrusive</Filter>
    </ClCompile>
    <ClCompile Include="..\..\..\tests\test-hdr\ordered_list\hdr_intrusive_lazy_rcu_sht.cpp">
      <Filter>intrusive</Filter>
    </ClCompile>
    <ClCompile Include="..\..\..\tests\test-hdr\ordered_list\hdr_intrusive_michael_list_rcu_shb.cpp">
      <Filter>intrusive</Filter>
    </ClCompile>
    <ClCompile Include="..\..\..\tests\test-hdr\ordered_list\hdr_intrusive_michael_list_rcu_sht.cpp">
      <Filter>intrusive</Filter>
    </ClCompile>
    <ClCompile Include="..\..\..\tests\test-hdr\ordered_list\hdr_lazy_kv_rcu_shb.cpp">
      <Filter>container</Filter>
    </ClCompile>
    <ClCompile Include="..\..\..\tests\test-hdr\ordered_list\hdr_lazy_kv_rcu_sht.cpp">
      <Filter>container</Filter>
    </ClCompile>
    <ClCompile Include="..\..\..\tests\test-hdr\ordered_list\hdr_lazy_rcu_shb.cpp">
      <Filter>container</Filter>
    </ClCompile>
    <ClCompile Include="..\..\..\tests\test-hdr\ordered_list\hdr_lazy_rcu_sht.cpp">
      <Filter>container</Filter>
    </ClCompile>
    <ClCompile Include="..\..\..\tests\test-hdr\ordered_list\hdr_michael_kv_rcu_shb.cpp">
      <Filter>container</Filter>
    </ClCompile>
    <ClCompile Include="..\..\..\tests\test-hdr\ordered_list\hdr_michael_kv_rcu_sht.cpp">
      <Filter>container</Filter>
    </ClCompile>
    <ClCompile Include="..\..\..\tests\test-hdr\ordered_list\hdr_michael_rcu_shb.cpp">
      <Filter>container</Filter>
    </ClCompile>
    <ClCompile Include="..\..\..\tests\test-hdr\ordered_list\hdr_michael_rcu_sht.cpp">
      <Filter>container</Filter>
    </ClCompile>
    <ClCompile Include="..\..\..\tests\test-hdr\ordered_list\hdr_intrusive_lazy_dhp.cpp">
      <Filter>intrusive</Filter>
    </ClCompile>
    <ClCompile Include="..\..\..\tests\test-hdr\ordered_list\hdr_lazy_dhp.cpp">
      <Filter>container</Filter>
    </ClCompile>
    <ClCompile Include="..\..\..\tests\test-hdr\ordered_list\hdr_lazy_kv_dhp.cpp">
      <Filter>container</Filter>
    </ClCompile>
    <ClCompile Include="..\..\..\tests\test-hdr\ordered_list\hdr_intrusive_michael_dhp.cpp">
      <Filter>intrusive</Filter>
    </ClCompile>
    <ClCompile Include="..\..\..\tests\test-hdr\ordered_list\hdr_michael_dhp.cpp">
      <Filter>container</Filter>
    </ClCompile>
    <ClCompile Include="..\..\..\tests\test-hdr\ordered_list\hdr_michael_kv_dhp.cpp">
      <Filter>container</Filter>
    </ClCompile>
  </ItemGroup>
  <ItemGroup>
    <ClInclude Include="..\..\..\tests\test-hdr\ordered_list\hdr_intrusive_lazy.h">
      <Filter>intrusive</Filter>
    </ClInclude>
    <ClInclude Include="..\..\..\tests\test-hdr\ordered_list\hdr_intrusive_michael.h">
      <Filter>intrusive</Filter>
    </ClInclude>
    <ClInclude Include="..\..\..\tests\test-hdr\ordered_list\hdr_lazy.h">
      <Filter>container</Filter>
    </ClInclude>
    <ClInclude Include="..\..\..\tests\test-hdr\ordered_list\hdr_lazy_kv.h">
      <Filter>container</Filter>
    </ClInclude>
    <ClInclude Include="..\..\..\tests\test-hdr\ordered_list\hdr_michael.h">
      <Filter>container</Filter>
    </ClInclude>
    <ClInclude Include="..\..\..\tests\test-hdr\ordered_list\hdr_michael_kv.h">
      <Filter>container</Filter>
    </ClInclude>
  </ItemGroup>
  <ItemGroup>
    <Filter Include="intrusive">
      <UniqueIdentifier>{fff45fc3-9c35-4f00-94ac-a2403b1caed6}</UniqueIdentifier>
    </Filter>
    <Filter Include="container">
      <UniqueIdentifier>{b0d8933f-3fbc-49c2-ad77-89bd74461395}</UniqueIdentifier>
    </Filter>
  </ItemGroup>
</Project>