<?xml version="1.0" encoding="utf-8"?>
<Project ToolsVersion="4.0" xmlns="http://schemas.microsoft.com/developer/msbuild/2003">
  <ItemGroup>
    <Filter Include="container">
      <UniqueIdentifier>{b801302d-3f5a-4019-b1c3-b7e816d22d6c}</UniqueIdentifier>
    </Filter>
    <Filter Include="intrusive">
      <UniqueIdentifier>{9d3a5e69-5a77-491b-a8dc-45b169e0f6ad}</UniqueIdentifier>
    </Filter>
  </ItemGroup>
  <ItemGroup>
    <ClCompile Include="..\..\..\tests\test-hdr\priority_queue\hdr_priority_queue_reg.cpp" />
    <ClCompile Include="..\..\..\tests\test-hdr\priority_queue\hdr_intrusive_mspqueue_dyn.cpp">
      <Filter>intrusive</Filter>
    </ClCompile>
    <ClCompile Include="..\..\..\tests\test-hdr\priority_queue\hdr_intrusive_mspqueue_static.cpp">
      <Filter>intrusive</Filter>
    </ClCompile>
    <ClCompile Include="..\..\..\tests\test-hdr\priority_queue\hdr_mspqueue_dyn.cpp">
      <Filter>container</Filter>
    </ClCompile>
    <ClCompile Include="..\..\..\tests\test-hdr\priority_queue\hdr_mspqueue_static.cpp">
      <Filter>container</Filter>
    </ClCompile>
    <ClCompile Include="..\..\..\tests\test-hdr\priority_queue\hdr_fcpqueue_boost_stable_vector.cpp">
      <Filter>container</Filter>
    </ClCompile>
    <ClCompile Include="..\..\..\tests\test-hdr\priority_queue\hdr_fcpqueue_deque.cpp">
      <Filter>container</Filter>
    </ClCompile>
    <ClCompile Include="..\..\..\tests\test-hdr\priority_queue\hdr_fcpqueue_vector.cpp">
      <Filter>container</Filter>
    </ClCompile>
  </ItemGroup>
  <ItemGroup>
    <ClInclude Include="..\..\..\tests\test-hdr\priority_queue\hdr_intrusive_pqueue.h">
      <Filter>intrusive</Filter>
    </ClInclude>
    <ClInclude Include="..\..\..\tests\test-hdr\priority_queue\hdr_pqueue.h">
      <Filter>container</Filter>
    </ClInclude>
  </ItemGroup>
</Project>