Microsoft Visual Studio Solution File, Format Version 12.00
# Visual Studio 14
VisualStudioVersion = 14.0.25123.0
MinimumVisualStudioVersion = 10.0.40219.1
Project("{8BC9CEB8-8B4A-11D0-8D11-00A0C91BC942}") = "cds", "cds.vcxproj", "{408FE9BC-44F0-4E6A-89FA-D6F952584239}"
EndProject
Project("{2150E333-8FDC-42A3-9474-1A3956D46DE8}") = "multi-threaded test", "multi-threaded test", "{B30CA283-1796-4763-92C3-2E4848D443F7}"
	ProjectSection(SolutionItems) = preProject
		..\..\..\tests\unit\print_bronsonavltree_stat.h = ..\..\..\tests\unit\print_bronsonavltree_stat.h
		..\..\..\tests\unit\print_cuckoo_stat.h = ..\..\..\tests\unit\print_cuckoo_stat.h
		..\..\..\tests\unit\print_ellenbintree_stat.h = ..\..\..\tests\unit\print_ellenbintree_stat.h
		..\..\..\tests\unit\print_feldman_hashset_stat.h = ..\..\..\tests\unit\print_feldman_hashset_stat.h
		..\..\..\tests\unit\print_mspriorityqueue_stat.h = ..\..\..\tests\unit\print_mspriorityqueue_stat.h
		..\..\..\tests\unit\print_segmentedqueue_stat.h = ..\..\..\tests\unit\print_segmentedqueue_stat.h
		..\..\..\tests\unit\print_skip_list_stat.h = ..\..\..\tests\unit\print_skip_list_stat.h
		..\..\..\tests\unit\print_split_list_stat.h = ..\..\..\tests\unit\print_split_list_stat.h
		..\..\..\tests\unit\print_sync_monitor_stat.h = ..\..\..\tests\unit\print_sync_monitor_stat.h
		..\..\..\tests\unit\set2\set_type_cuckoo.h = ..\..\..\tests\unit\set2\set_type_cuckoo.h
	EndProjectSection
EndProject
Project("{8BC9CEB8-8B4A-11D0-8D11-00A0C91BC942}") = "unit-prerequisites", "unit-prerequisites.vcxproj", "{61179F2F-07E1-490D-B64D-D85A90B6EF81}"
	ProjectSection(ProjectDependencies) = postProject
		{408FE9BC-44F0-4E6A-89FA-D6F952584239} = {408FE9BC-44F0-4E6A-89FA-D6F952584239}
	EndProjectSection
EndProject
Project("{8BC9CEB8-8B4A-11D0-8D11-00A0C91BC942}") = "unit-misc", "unit-misc.vcxproj", "{77350FDC-9E51-438B-9A8F-D2FEA11D46B2}"
	ProjectSection(ProjectDependencies) = postProject
		{61179F2F-07E1-490D-B64D-D85A90B6EF81} = {61179F2F-07E1-490D-B64D-D85A90B6EF81}
		{408FE9BC-44F0-4E6A-89FA-D6F952584239} = {408FE9BC-44F0-4E6A-89FA-D6F952584239}
	EndProjectSection
EndProject
Project("{2150E333-8FDC-42A3-9474-1A3956D46DE8}") = "map", "map", "{6BB7A27F-FC59-4267-B6FA-D034176D1459}"
	ProjectSection(SolutionItems) = preProject
		..\..\..\tests\unit\map2\map_defs.h = ..\..\..\tests\unit\map2\map_defs.h
		..\..\..\tests\unit\map2\map_type.h = ..\..\..\tests\unit\map2\map_type.h
		..\..\..\tests\unit\map2\map_type_bronson_avltree.h = ..\..\..\tests\unit\map2\map_type_bronson_avltree.h
		..\..\..\tests\unit\map2\map_type_cuckoo.h = ..\..\..\tests\unit\map2\map_type_cuckoo.h
		..\..\..\tests\unit\map2\map_type_ellen_bintree.h = ..\..\..\tests\unit\map2\map_type_ellen_bintree.h
		..\..\..\tests\unit\map2\map_type_feldman_hashmap.h = ..\..\..\tests\unit\map2\map_type_feldman_hashmap.h
		..\..\..\tests\unit\map2\map_type_lazy_list.h = ..\..\..\tests\unit\map2\map_type_lazy_list.h
		..\..\..\tests\unit\map2\map_type_michael.h = ..\..\..\tests\unit\map2\map_type_michael.h
		..\..\..\tests\unit\map2\map_type_michael_list.h = ..\..\..\tests\unit\map2\map_type_michael_list.h
		..\..\..\tests\unit\map2\map_type_skip_list.h = ..\..\..\tests\unit\map2\map_type_skip_list.h
		..\..\..\tests\unit\map2\map_type_split_list.h = ..\..\..\tests\unit\map2\map_type_split_list.h
		..\..\..\tests\unit\map2\map_type_std.h = ..\..\..\tests\unit\map2\map_type_std.h
		..\..\..\tests\unit\map2\map_type_striped.h = ..\..\..\tests\unit\map2\map_type_striped.h
		..\..\..\tests\unit\map2\std_hash_map.h = ..\..\..\tests\unit\map2\std_hash_map.h
		..\..\..\tests\unit\map2\std_map.h = ..\..\..\tests\unit\map2\std_map.h
	EndProjectSection
EndProject
Project("{2150E333-8FDC-42A3-9474-1A3956D46DE8}") = "set", "set", "{A64449B7-90FB-4E2B-A686-9EFC0E298644}"
	ProjectSection(SolutionItems) = preProject
		..\..\..\tests\unit\set2\set_defs.h = ..\..\..\tests\unit\set2\set_defs.h
		..\..\..\tests\unit\set2\set_type.h = ..\..\..\tests\unit\set2\set_type.h
		..\..\..\tests\unit\set2\set_type_cuckoo.h = ..\..\..\tests\unit\set2\set_type_cuckoo.h
		..\..\..\tests\unit\set2\set_type_ellen_bintree.h = ..\..\..\tests\unit\set2\set_type_ellen_bintree.h
		..\..\..\tests\unit\set2\set_type_feldman_hashset.h = ..\..\..\tests\unit\set2\set_type_feldman_hashset.h
		..\..\..\tests\unit\set2\set_type_lazy_list.h = ..\..\..\tests\unit\set2\set_type_lazy_list.h
		..\..\..\tests\unit\set2\set_type_michael.h = ..\..\..\tests\unit\set2\set_type_michael.h
		..\..\..\tests\unit\set2\set_type_michael_list.h = ..\..\..\tests\unit\set2\set_type_michael_list.h
		..\..\..\tests\unit\set2\set_type_skip_list.h = ..\..\..\tests\unit\set2\set_type_skip_list.h
		..\..\..\tests\unit\set2\set_type_split_list.h = ..\..\..\tests\unit\set2\set_type_split_list.h
		..\..\..\tests\unit\set2\set_type_std.h = ..\..\..\tests\unit\set2\set_type_std.h
		..\..\..\tests\unit\set2\set_type_striped.h = ..\..\..\tests\unit\set2\set_type_striped.h
	EndProjectSection
EndProject
Project("{8BC9CEB8-8B4A-11D0-8D11-00A0C91BC942}") = "unit-map-delodd", "unit-map-delodd.vcxproj", "{3C598F96-FB84-4D42-9B43-F697F53B0221}"
	ProjectSection(ProjectDependencies) = postProject
		{61179F2F-07E1-490D-B64D-D85A90B6EF81} = {61179F2F-07E1-490D-B64D-D85A90B6EF81}
		{408FE9BC-44F0-4E6A-89FA-D6F952584239} = {408FE9BC-44F0-4E6A-89FA-D6F952584239}
	EndProjectSection
EndProject
Project("{8BC9CEB8-8B4A-11D0-8D11-00A0C91BC942}") = "unit-map-find", "unit-map-find.vcxproj", "{BA2A9239-0299-4069-BB0E-16DACE87ADE0}"
	ProjectSection(ProjectDependencies) = postProject
		{61179F2F-07E1-490D-B64D-D85A90B6EF81} = {61179F2F-07E1-490D-B64D-D85A90B6EF81}
		{408FE9BC-44F0-4E6A-89FA-D6F952584239} = {408FE9BC-44F0-4E6A-89FA-D6F952584239}
	EndProjectSection
EndProject
Project("{8BC9CEB8-8B4A-11D0-8D11-00A0C91BC942}") = "unit-map-insdel", "unit-map-insdel.vcxproj", "{CA25BDBF-B354-4597-B6D2-220ABBB0D2F4}"
	ProjectSection(ProjectDependencies) = postProject
		{61179F2F-07E1-490D-B64D-D85A90B6EF81} = {61179F2F-07E1-490D-B64D-D85A90B6EF81}
		{408FE9BC-44F0-4E6A-89FA-D6F952584239} = {408FE9BC-44F0-4E6A-89FA-D6F952584239}
	EndProjectSection
EndProject
Project("{8BC9CEB8-8B4A-11D0-8D11-00A0C91BC942}") = "unit-set-delodd", "unit-set-delodd.vcxproj", "{AF7B2253-2E6D-4992-94D9-4B3699C54929}"
	ProjectSection(ProjectDependencies) = postProject
		{61179F2F-07E1-490D-B64D-D85A90B6EF81} = {61179F2F-07E1-490D-B64D-D85A90B6EF81}
		{408FE9BC-44F0-4E6A-89FA-D6F952584239} = {408FE9BC-44F0-4E6A-89FA-D6F952584239}
	EndProjectSection
EndProject
Project("{8BC9CEB8-8B4A-11D0-8D11-00A0C91BC942}") = "unit-set-insdel", "unit-set-insdel.vcxproj", "{BA23811C-D4CB-4836-B2F3-6791BD6FFCD1}"
	ProjectSection(ProjectDependencies) = postProject
		{61179F2F-07E1-490D-B64D-D85A90B6EF81} = {61179F2F-07E1-490D-B64D-D85A90B6EF81}
		{408FE9BC-44F0-4E6A-89FA-D6F952584239} = {408FE9BC-44F0-4E6A-89FA-D6F952584239}
	EndProjectSection
EndProject
Project("{8BC9CEB8-8B4A-11D0-8D11-00A0C91BC942}") = "unit-map-insdel-item", "unit-map-insdel-item.vcxproj", "{7521DD92-56FF-4ECA-93E5-CCE50862354B}"
	ProjectSection(ProjectDependencies) = postProject
		{61179F2F-07E1-490D-B64D-D85A90B6EF81} = {61179F2F-07E1-490D-B64D-D85A90B6EF81}
		{408FE9BC-44F0-4E6A-89FA-D6F952584239} = {408FE9BC-44F0-4E6A-89FA-D6F952584239}
	EndProjectSection
EndProject
Project("{8BC9CEB8-8B4A-11D0-8D11-00A0C91BC942}") = "unit-map-insdelfind", "unit-map-insdelfind.vcxproj", "{CA6F0834-0628-4CD7-8800-AEABCD636360}"
	ProjectSection(ProjectDependencies) = postProject
		{61179F2F-07E1-490D-B64D-D85A90B6EF81} = {61179F2F-07E1-490D-B64D-D85A90B6EF81}
		{408FE9BC-44F0-4E6A-89FA-D6F952584239} = {408FE9BC-44F0-4E6A-89FA-D6F952584239}
	EndProjectSection
EndProject
Project("{8BC9CEB8-8B4A-11D0-8D11-00A0C91BC942}") = "unit-set-insdelfind", "unit-set-insdelfind.vcxproj", "{DE256E91-EE96-412E-82EE-DD7BD1A1130D}"
	ProjectSection(ProjectDependencies) = postProject
		{61179F2F-07E1-490D-B64D-D85A90B6EF81} = {61179F2F-07E1-490D-B64D-D85A90B6EF81}
		{408FE9BC-44F0-4E6A-89FA-D6F952584239} = {408FE9BC-44F0-4E6A-89FA-D6F952584239}
	EndProjectSection
EndProject
Project("{2150E333-8FDC-42A3-9474-1A3956D46DE8}") = "unit", "unit", "{810490B7-31E5-49AE-8455-CAF99A9658B6}"
	ProjectSection(SolutionItems) = preProject
		..\..\..\tests\test-hdr\size_check.h = ..\..\..\tests\test-hdr\size_check.h
	EndProjectSection
EndProject
Project("{8BC9CEB8-8B4A-11D0-8D11-00A0C91BC942}") = "gtest-stack", "gtest-stack.vcxproj", "{5407E9D2-67D9-4266-976E-7A90BDE2541D}"
	ProjectSection(ProjectDependencies) = postProject
		{408FE9BC-44F0-4E6A-89FA-D6F952584239} = {408FE9BC-44F0-4E6A-89FA-D6F952584239}
	EndProjectSection
EndProject
Project("{2150E333-8FDC-42A3-9474-1A3956D46DE8}") = "cds_test", "cds_test", "{3A510E45-180B-4ADC-AFCD-D75774B68580}"
	ProjectSection(SolutionItems) = preProject
		..\..\..\test\include\cds_test\check_size.h = ..\..\..\test\include\cds_test\check_size.h
		..\..\..\test\include\cds_test\fixture.h = ..\..\..\test\include\cds_test\fixture.h
		..\..\..\test\include\cds_test\hash_func.h = ..\..\..\test\include\cds_test\hash_func.h
		..\..\..\test\include\cds_test\stat_cuckoo_out.h = ..\..\..\test\include\cds_test\stat_cuckoo_out.h
		..\..\..\test\include\cds_test\stat_ellenbintree_out.h = ..\..\..\test\include\cds_test\stat_ellenbintree_out.h
		..\..\..\test\include\cds_test\stat_feldman_hashset_out.h = ..\..\..\test\include\cds_test\stat_feldman_hashset_out.h
		..\..\..\test\include\cds_test\stat_skiplist_out.h = ..\..\..\test\include\cds_test\stat_skiplist_out.h
		..\..\..\test\include\cds_test\stat_splitlist_out.h = ..\..\..\test\include\cds_test\stat_splitlist_out.h
		..\..\..\test\include\cds_test\stress_test.h = ..\..\..\test\include\cds_test\stress_test.h
		..\..\..\test\include\cds_test\thread.h = ..\..\..\test\include\cds_test\thread.h
	EndProjectSection
EndProject
Project("{8BC9CEB8-8B4A-11D0-8D11-00A0C91BC942}") = "gtest-deque", "gtest-deque.vcxproj", "{EA5D825A-83A4-4A36-83C1-3D048D21D55B}"
	ProjectSection(ProjectDependencies) = postProject
		{408FE9BC-44F0-4E6A-89FA-D6F952584239} = {408FE9BC-44F0-4E6A-89FA-D6F952584239}
	EndProjectSection
EndProject
Project("{8BC9CEB8-8B4A-11D0-8D11-00A0C91BC942}") = "gtest-pqueue", "gtest-pqueue.vcxproj", "{ED94B1D1-2442-43C2-A71C-A757122408A6}"
	ProjectSection(ProjectDependencies) = postProject
		{408FE9BC-44F0-4E6A-89FA-D6F952584239} = {408FE9BC-44F0-4E6A-89FA-D6F952584239}
	EndProjectSection
EndProject
Project("{8BC9CEB8-8B4A-11D0-8D11-00A0C91BC942}") = "gtest-queue", "gtest-queue.vcxproj", "{9EB8FAB6-78E8-48B6-9589-85985CE8D33D}"
	ProjectSection(ProjectDependencies) = postProject
		{408FE9BC-44F0-4E6A-89FA-D6F952584239} = {408FE9BC-44F0-4E6A-89FA-D6F952584239}
	EndProjectSection
EndProject
Project("{8BC9CEB8-8B4A-11D0-8D11-00A0C91BC942}") = "gtest-list", "gtest-list.vcxproj", "{83FC591C-2CA2-4631-AD13-218FF4C27692}"
	ProjectSection(ProjectDependencies) = postProject
		{408FE9BC-44F0-4E6A-89FA-D6F952584239} = {408FE9BC-44F0-4E6A-89FA-D6F952584239}
	EndProjectSection
EndProject
Project("{2150E333-8FDC-42A3-9474-1A3956D46DE8}") = "stress", "stress", "{10E1FAF2-904D-405E-8AB5-6878A1B03346}"
EndProject
Project("{8BC9CEB8-8B4A-11D0-8D11-00A0C91BC942}") = "stress-framework", "stress-framework.vcxproj", "{A34CED07-A442-4FA1-81C4-F8B9CD3C832B}"
EndProject
Project("{8BC9CEB8-8B4A-11D0-8D11-00A0C91BC942}") = "stress-stack", "stress-stack.vcxproj", "{5E1C3684-9463-4A98-BAFC-9BD51F179BB6}"
	ProjectSection(ProjectDependencies) = postProject
		{A34CED07-A442-4FA1-81C4-F8B9CD3C832B} = {A34CED07-A442-4FA1-81C4-F8B9CD3C832B}
		{408FE9BC-44F0-4E6A-89FA-D6F952584239} = {408FE9BC-44F0-4E6A-89FA-D6F952584239}
	EndProjectSection
EndProject
Project("{8BC9CEB8-8B4A-11D0-8D11-00A0C91BC942}") = "stress-queue", "stress-queue.vcxproj", "{50B2EC4B-A118-4E7B-ABC7-2EA8B685A58C}"
	ProjectSection(ProjectDependencies) = postProject
		{A34CED07-A442-4FA1-81C4-F8B9CD3C832B} = {A34CED07-A442-4FA1-81C4-F8B9CD3C832B}
		{408FE9BC-44F0-4E6A-89FA-D6F952584239} = {408FE9BC-44F0-4E6A-89FA-D6F952584239}
	EndProjectSection
EndProject
Project("{8BC9CEB8-8B4A-11D0-8D11-00A0C91BC942}") = "stress-pqueue", "stress-pqueue.vcxproj", "{51AC349E-B365-4FCF-8778-17A1534E4584}"
	ProjectSection(ProjectDependencies) = postProject
		{408FE9BC-44F0-4E6A-89FA-D6F952584239} = {408FE9BC-44F0-4E6A-89FA-D6F952584239}
	EndProjectSection
EndProject
Project("{8BC9CEB8-8B4A-11D0-8D11-00A0C91BC942}") = "gtest-set", "gtest-set.vcxproj", "{A589D3F1-A749-4268-ADEC-D0CE13D1E359}"
	ProjectSection(ProjectDependencies) = postProject
		{408FE9BC-44F0-4E6A-89FA-D6F952584239} = {408FE9BC-44F0-4E6A-89FA-D6F952584239}
	EndProjectSection
EndProject
Project("{8BC9CEB8-8B4A-11D0-8D11-00A0C91BC942}") = "gtest-intrusive-set", "gtest-intrusive-set.vcxproj", "{EC1EF263-7E34-4867-9ED9-77AA7963CD4A}"
	ProjectSection(ProjectDependencies) = postProject
		{408FE9BC-44F0-4E6A-89FA-D6F952584239} = {408FE9BC-44F0-4E6A-89FA-D6F952584239}
	EndProjectSection
EndProject
Project("{8BC9CEB8-8B4A-11D0-8D11-00A0C91BC942}") = "gtest-striped-set", "gtest-striped-set.vcxproj", "{648021D3-6E18-4B94-88B8-F6A59609E210}"
	ProjectSection(ProjectDependencies) = postProject
		{408FE9BC-44F0-4E6A-89FA-D6F952584239} = {408FE9BC-44F0-4E6A-89FA-D6F952584239}
	EndProjectSection
EndProject
Project("{8BC9CEB8-8B4A-11D0-8D11-00A0C91BC942}") = "gtest-map", "gtest-map.vcxproj", "{42B7E892-DDDA-4D00-9AB7-378E0E7E9433}"
	ProjectSection(ProjectDependencies) = postProject
		{408FE9BC-44F0-4E6A-89FA-D6F952584239} = {408FE9BC-44F0-4E6A-89FA-D6F952584239}
	EndProjectSection
EndProject
Project("{8BC9CEB8-8B4A-11D0-8D11-00A0C91BC942}") = "gtest-striped-map", "gtest-striped-map.vcxproj", "{00FD5CB8-E1A4-40CA-B613-30A06A75622B}"
	ProjectSection(ProjectDependencies) = postProject
		{408FE9BC-44F0-4E6A-89FA-D6F952584239} = {408FE9BC-44F0-4E6A-89FA-D6F952584239}
	EndProjectSection
EndProject
Project("{8BC9CEB8-8B4A-11D0-8D11-00A0C91BC942}") = "gtest-tree", "gtest-tree.vcxproj", "{2ABD6A2E-BEA7-4C8C-982B-A609F83D2DCB}"
	ProjectSection(ProjectDependencies) = postProject
		{408FE9BC-44F0-4E6A-89FA-D6F952584239} = {408FE9BC-44F0-4E6A-89FA-D6F952584239}
	EndProjectSection
EndProject
Project("{8BC9CEB8-8B4A-11D0-8D11-00A0C91BC942}") = "gtest-misc", "gtest-misc.vcxproj", "{FA22E700-1AE5-4D7B-B9F1-0A919FF7FF06}"
	ProjectSection(ProjectDependencies) = postProject
		{408FE9BC-44F0-4E6A-89FA-D6F952584239} = {408FE9BC-44F0-4E6A-89FA-D6F952584239}
	EndProjectSection
EndProject
Project("{2150E333-8FDC-42A3-9474-1A3956D46DE8}") = "set", "set", "{0D83E8C7-97D1-4BA1-928A-6846E7089652}"
EndProject
Project("{8BC9CEB8-8B4A-11D0-8D11-00A0C91BC942}") = "stress-set-delodd", "stress-set-delodd.vcxproj", "{8202D428-1E08-4744-B372-6B2E83A9928E}"
	ProjectSection(ProjectDependencies) = postProject
		{A34CED07-A442-4FA1-81C4-F8B9CD3C832B} = {A34CED07-A442-4FA1-81C4-F8B9CD3C832B}
		{408FE9BC-44F0-4E6A-89FA-D6F952584239} = {408FE9BC-44F0-4E6A-89FA-D6F952584239}
	EndProjectSection
EndProject
Project("{2150E333-8FDC-42A3-9474-1A3956D46DE8}") = "Header Files", "Header Files", "{D968B0F5-52BD-40C1-B230-28104567CE97}"
	ProjectSection(SolutionItems) = preProject
		..\..\..\test\stress\set\set_type.h = ..\..\..\test\stress\set\set_type.h
		..\..\..\test\stress\set\set_type_cuckoo.h = ..\..\..\test\stress\set\set_type_cuckoo.h
		..\..\..\test\stress\set\set_type_ellen_bintree.h = ..\..\..\test\stress\set\set_type_ellen_bintree.h
		..\..\..\test\stress\set\set_type_feldman_hashset.h = ..\..\..\test\stress\set\set_type_feldman_hashset.h
		..\..\..\test\stress\set\set_type_lazy_list.h = ..\..\..\test\stress\set\set_type_lazy_list.h
		..\..\..\test\stress\set\set_type_michael.h = ..\..\..\test\stress\set\set_type_michael.h
		..\..\..\test\stress\set\set_type_michael_list.h = ..\..\..\test\stress\set\set_type_michael_list.h
		..\..\..\test\stress\set\set_type_skip_list.h = ..\..\..\test\stress\set\set_type_skip_list.h
		..\..\..\test\stress\set\set_type_split_list.h = ..\..\..\test\stress\set\set_type_split_list.h
		..\..\..\test\stress\set\set_type_std.h = ..\..\..\test\stress\set\set_type_std.h
		..\..\..\test\stress\set\set_type_striped.h = ..\..\..\test\stress\set\set_type_striped.h
	EndProjectSection
EndProject
Global
	GlobalSection(SolutionConfigurationPlatforms) = preSolution
		Debug|Win32 = Debug|Win32
		Debug|x64 = Debug|x64
		DebugVLD|Win32 = DebugVLD|Win32
		DebugVLD|x64 = DebugVLD|x64
		Release|Win32 = Release|Win32
		Release|x64 = Release|x64
	EndGlobalSection
	GlobalSection(ProjectConfigurationPlatforms) = postSolution
		{408FE9BC-44F0-4E6A-89FA-D6F952584239}.Debug|Win32.ActiveCfg = Debug|Win32
		{408FE9BC-44F0-4E6A-89FA-D6F952584239}.Debug|Win32.Build.0 = Debug|Win32
		{408FE9BC-44F0-4E6A-89FA-D6F952584239}.Debug|x64.ActiveCfg = Debug|x64
		{408FE9BC-44F0-4E6A-89FA-D6F952584239}.Debug|x64.Build.0 = Debug|x64
		{408FE9BC-44F0-4E6A-89FA-D6F952584239}.DebugVLD|Win32.ActiveCfg = DebugVLD|Win32
		{408FE9BC-44F0-4E6A-89FA-D6F952584239}.DebugVLD|Win32.Build.0 = DebugVLD|Win32
		{408FE9BC-44F0-4E6A-89FA-D6F952584239}.DebugVLD|x64.ActiveCfg = DebugVLD|x64
		{408FE9BC-44F0-4E6A-89FA-D6F952584239}.DebugVLD|x64.Build.0 = DebugVLD|x64
		{408FE9BC-44F0-4E6A-89FA-D6F952584239}.Release|Win32.ActiveCfg = Release|Win32
		{408FE9BC-44F0-4E6A-89FA-D6F952584239}.Release|Win32.Build.0 = Release|Win32
		{408FE9BC-44F0-4E6A-89FA-D6F952584239}.Release|x64.ActiveCfg = Release|x64
		{408FE9BC-44F0-4E6A-89FA-D6F952584239}.Release|x64.Build.0 = Release|x64
		{61179F2F-07E1-490D-B64D-D85A90B6EF81}.Debug|Win32.ActiveCfg = Debug|Win32
		{61179F2F-07E1-490D-B64D-D85A90B6EF81}.Debug|Win32.Build.0 = Debug|Win32
		{61179F2F-07E1-490D-B64D-D85A90B6EF81}.Debug|x64.ActiveCfg = Debug|x64
		{61179F2F-07E1-490D-B64D-D85A90B6EF81}.Debug|x64.Build.0 = Debug|x64
		{61179F2F-07E1-490D-B64D-D85A90B6EF81}.DebugVLD|Win32.ActiveCfg = Debug|Win32
		{61179F2F-07E1-490D-B64D-D85A90B6EF81}.DebugVLD|Win32.Build.0 = Debug|Win32
		{61179F2F-07E1-490D-B64D-D85A90B6EF81}.DebugVLD|x64.ActiveCfg = DebugVLD|x64
		{61179F2F-07E1-490D-B64D-D85A90B6EF81}.DebugVLD|x64.Build.0 = DebugVLD|x64
		{61179F2F-07E1-490D-B64D-D85A90B6EF81}.Release|Win32.ActiveCfg = Release|Win32
		{61179F2F-07E1-490D-B64D-D85A90B6EF81}.Release|Win32.Build.0 = Release|Win32
		{61179F2F-07E1-490D-B64D-D85A90B6EF81}.Release|x64.ActiveCfg = Release|x64
		{61179F2F-07E1-490D-B64D-D85A90B6EF81}.Release|x64.Build.0 = Release|x64
		{77350FDC-9E51-438B-9A8F-D2FEA11D46B2}.Debug|Win32.ActiveCfg = Debug|Win32
		{77350FDC-9E51-438B-9A8F-D2FEA11D46B2}.Debug|Win32.Build.0 = Debug|Win32
		{77350FDC-9E51-438B-9A8F-D2FEA11D46B2}.Debug|x64.ActiveCfg = Debug|x64
		{77350FDC-9E51-438B-9A8F-D2FEA11D46B2}.Debug|x64.Build.0 = Debug|x64
		{77350FDC-9E51-438B-9A8F-D2FEA11D46B2}.DebugVLD|Win32.ActiveCfg = Debug|Win32
		{77350FDC-9E51-438B-9A8F-D2FEA11D46B2}.DebugVLD|Win32.Build.0 = Debug|Win32
		{77350FDC-9E51-438B-9A8F-D2FEA11D46B2}.DebugVLD|x64.ActiveCfg = DebugVLD|x64
		{77350FDC-9E51-438B-9A8F-D2FEA11D46B2}.DebugVLD|x64.Build.0 = DebugVLD|x64
		{77350FDC-9E51-438B-9A8F-D2FEA11D46B2}.Release|Win32.ActiveCfg = Release|Win32
		{77350FDC-9E51-438B-9A8F-D2FEA11D46B2}.Release|Win32.Build.0 = Release|Win32
		{77350FDC-9E51-438B-9A8F-D2FEA11D46B2}.Release|x64.ActiveCfg = Release|x64
		{77350FDC-9E51-438B-9A8F-D2FEA11D46B2}.Release|x64.Build.0 = Release|x64
		{3C598F96-FB84-4D42-9B43-F697F53B0221}.Debug|Win32.ActiveCfg = Debug|Win32
		{3C598F96-FB84-4D42-9B43-F697F53B0221}.Debug|Win32.Build.0 = Debug|Win32
		{3C598F96-FB84-4D42-9B43-F697F53B0221}.Debug|x64.ActiveCfg = Debug|x64
		{3C598F96-FB84-4D42-9B43-F697F53B0221}.Debug|x64.Build.0 = Debug|x64
		{3C598F96-FB84-4D42-9B43-F697F53B0221}.DebugVLD|Win32.ActiveCfg = DebugVLD|Win32
		{3C598F96-FB84-4D42-9B43-F697F53B0221}.DebugVLD|Win32.Build.0 = DebugVLD|Win32
		{3C598F96-FB84-4D42-9B43-F697F53B0221}.DebugVLD|x64.ActiveCfg = DebugVLD|x64
		{3C598F96-FB84-4D42-9B43-F697F53B0221}.DebugVLD|x64.Build.0 = DebugVLD|x64
		{3C598F96-FB84-4D42-9B43-F697F53B0221}.Release|Win32.ActiveCfg = Release|Win32
		{3C598F96-FB84-4D42-9B43-F697F53B0221}.Release|Win32.Build.0 = Release|Win32
		{3C598F96-FB84-4D42-9B43-F697F53B0221}.Release|x64.ActiveCfg = Release|x64
		{3C598F96-FB84-4D42-9B43-F697F53B0221}.Release|x64.Build.0 = Release|x64
		{BA2A9239-0299-4069-BB0E-16DACE87ADE0}.Debug|Win32.ActiveCfg = Debug|Win32
		{BA2A9239-0299-4069-BB0E-16DACE87ADE0}.Debug|Win32.Build.0 = Debug|Win32
		{BA2A9239-0299-4069-BB0E-16DACE87ADE0}.Debug|x64.ActiveCfg = Debug|x64
		{BA2A9239-0299-4069-BB0E-16DACE87ADE0}.Debug|x64.Build.0 = Debug|x64
		{BA2A9239-0299-4069-BB0E-16DACE87ADE0}.DebugVLD|Win32.ActiveCfg = DebugVLD|Win32
		{BA2A9239-0299-4069-BB0E-16DACE87ADE0}.DebugVLD|Win32.Build.0 = DebugVLD|Win32
		{BA2A9239-0299-4069-BB0E-16DACE87ADE0}.DebugVLD|x64.ActiveCfg = DebugVLD|x64
		{BA2A9239-0299-4069-BB0E-16DACE87ADE0}.DebugVLD|x64.Build.0 = DebugVLD|x64
		{BA2A9239-0299-4069-BB0E-16DACE87ADE0}.Release|Win32.ActiveCfg = Release|Win32
		{BA2A9239-0299-4069-BB0E-16DACE87ADE0}.Release|Win32.Build.0 = Release|Win32
		{BA2A9239-0299-4069-BB0E-16DACE87ADE0}.Release|x64.ActiveCfg = Release|x64
		{BA2A9239-0299-4069-BB0E-16DACE87ADE0}.Release|x64.Build.0 = Release|x64
		{CA25BDBF-B354-4597-B6D2-220ABBB0D2F4}.Debug|Win32.ActiveCfg = Debug|Win32
		{CA25BDBF-B354-4597-B6D2-220ABBB0D2F4}.Debug|Win32.Build.0 = Debug|Win32
		{CA25BDBF-B354-4597-B6D2-220ABBB0D2F4}.Debug|x64.ActiveCfg = Debug|x64
		{CA25BDBF-B354-4597-B6D2-220ABBB0D2F4}.Debug|x64.Build.0 = Debug|x64
		{CA25BDBF-B354-4597-B6D2-220ABBB0D2F4}.DebugVLD|Win32.ActiveCfg = DebugVLD|Win32
		{CA25BDBF-B354-4597-B6D2-220ABBB0D2F4}.DebugVLD|Win32.Build.0 = DebugVLD|Win32
		{CA25BDBF-B354-4597-B6D2-220ABBB0D2F4}.DebugVLD|x64.ActiveCfg = DebugVLD|x64
		{CA25BDBF-B354-4597-B6D2-220ABBB0D2F4}.DebugVLD|x64.Build.0 = DebugVLD|x64
		{CA25BDBF-B354-4597-B6D2-220ABBB0D2F4}.Release|Win32.ActiveCfg = Release|Win32
		{CA25BDBF-B354-4597-B6D2-220ABBB0D2F4}.Release|Win32.Build.0 = Release|Win32
		{CA25BDBF-B354-4597-B6D2-220ABBB0D2F4}.Release|x64.ActiveCfg = Release|x64
		{CA25BDBF-B354-4597-B6D2-220ABBB0D2F4}.Release|x64.Build.0 = Release|x64
		{AF7B2253-2E6D-4992-94D9-4B3699C54929}.Debug|Win32.ActiveCfg = Debug|Win32
		{AF7B2253-2E6D-4992-94D9-4B3699C54929}.Debug|Win32.Build.0 = Debug|Win32
		{AF7B2253-2E6D-4992-94D9-4B3699C54929}.Debug|x64.ActiveCfg = Debug|x64
		{AF7B2253-2E6D-4992-94D9-4B3699C54929}.Debug|x64.Build.0 = Debug|x64
		{AF7B2253-2E6D-4992-94D9-4B3699C54929}.DebugVLD|Win32.ActiveCfg = DebugVLD|Win32
		{AF7B2253-2E6D-4992-94D9-4B3699C54929}.DebugVLD|Win32.Build.0 = DebugVLD|Win32
		{AF7B2253-2E6D-4992-94D9-4B3699C54929}.DebugVLD|x64.ActiveCfg = DebugVLD|x64
		{AF7B2253-2E6D-4992-94D9-4B3699C54929}.DebugVLD|x64.Build.0 = DebugVLD|x64
		{AF7B2253-2E6D-4992-94D9-4B3699C54929}.Release|Win32.ActiveCfg = Release|Win32
		{AF7B2253-2E6D-4992-94D9-4B3699C54929}.Release|Win32.Build.0 = Release|Win32
		{AF7B2253-2E6D-4992-94D9-4B3699C54929}.Release|x64.ActiveCfg = Release|x64
		{AF7B2253-2E6D-4992-94D9-4B3699C54929}.Release|x64.Build.0 = Release|x64
		{BA23811C-D4CB-4836-B2F3-6791BD6FFCD1}.Debug|Win32.ActiveCfg = Debug|Win32
		{BA23811C-D4CB-4836-B2F3-6791BD6FFCD1}.Debug|Win32.Build.0 = Debug|Win32
		{BA23811C-D4CB-4836-B2F3-6791BD6FFCD1}.Debug|x64.ActiveCfg = Debug|x64
		{BA23811C-D4CB-4836-B2F3-6791BD6FFCD1}.Debug|x64.Build.0 = Debug|x64
		{BA23811C-D4CB-4836-B2F3-6791BD6FFCD1}.DebugVLD|Win32.ActiveCfg = DebugVLD|Win32
		{BA23811C-D4CB-4836-B2F3-6791BD6FFCD1}.DebugVLD|Win32.Build.0 = DebugVLD|Win32
		{BA23811C-D4CB-4836-B2F3-6791BD6FFCD1}.DebugVLD|x64.ActiveCfg = DebugVLD|x64
		{BA23811C-D4CB-4836-B2F3-6791BD6FFCD1}.DebugVLD|x64.Build.0 = DebugVLD|x64
		{BA23811C-D4CB-4836-B2F3-6791BD6FFCD1}.Release|Win32.ActiveCfg = Release|Win32
		{BA23811C-D4CB-4836-B2F3-6791BD6FFCD1}.Release|Win32.Build.0 = Release|Win32
		{BA23811C-D4CB-4836-B2F3-6791BD6FFCD1}.Release|x64.ActiveCfg = Release|x64
		{BA23811C-D4CB-4836-B2F3-6791BD6FFCD1}.Release|x64.Build.0 = Release|x64
		{7521DD92-56FF-4ECA-93E5-CCE50862354B}.Debug|Win32.ActiveCfg = Debug|Win32
		{7521DD92-56FF-4ECA-93E5-CCE50862354B}.Debug|Win32.Build.0 = Debug|Win32
		{7521DD92-56FF-4ECA-93E5-CCE50862354B}.Debug|x64.ActiveCfg = Debug|x64
		{7521DD92-56FF-4ECA-93E5-CCE50862354B}.Debug|x64.Build.0 = Debug|x64
		{7521DD92-56FF-4ECA-93E5-CCE50862354B}.DebugVLD|Win32.ActiveCfg = DebugVLD|Win32
		{7521DD92-56FF-4ECA-93E5-CCE50862354B}.DebugVLD|Win32.Build.0 = DebugVLD|Win32
		{7521DD92-56FF-4ECA-93E5-CCE50862354B}.DebugVLD|x64.ActiveCfg = DebugVLD|x64
		{7521DD92-56FF-4ECA-93E5-CCE50862354B}.DebugVLD|x64.Build.0 = DebugVLD|x64
		{7521DD92-56FF-4ECA-93E5-CCE50862354B}.Release|Win32.ActiveCfg = Release|Win32
		{7521DD92-56FF-4ECA-93E5-CCE50862354B}.Release|Win32.Build.0 = Release|Win32
		{7521DD92-56FF-4ECA-93E5-CCE50862354B}.Release|x64.ActiveCfg = Release|x64
		{7521DD92-56FF-4ECA-93E5-CCE50862354B}.Release|x64.Build.0 = Release|x64
		{CA6F0834-0628-4CD7-8800-AEABCD636360}.Debug|Win32.ActiveCfg = Debug|Win32
		{CA6F0834-0628-4CD7-8800-AEABCD636360}.Debug|Win32.Build.0 = Debug|Win32
		{CA6F0834-0628-4CD7-8800-AEABCD636360}.Debug|x64.ActiveCfg = Debug|x64
		{CA6F0834-0628-4CD7-8800-AEABCD636360}.Debug|x64.Build.0 = Debug|x64
		{CA6F0834-0628-4CD7-8800-AEABCD636360}.DebugVLD|Win32.ActiveCfg = DebugVLD|Win32
		{CA6F0834-0628-4CD7-8800-AEABCD636360}.DebugVLD|Win32.Build.0 = DebugVLD|Win32
		{CA6F0834-0628-4CD7-8800-AEABCD636360}.DebugVLD|x64.ActiveCfg = DebugVLD|x64
		{CA6F0834-0628-4CD7-8800-AEABCD636360}.DebugVLD|x64.Build.0 = DebugVLD|x64
		{CA6F0834-0628-4CD7-8800-AEABCD636360}.Release|Win32.ActiveCfg = Release|Win32
		{CA6F0834-0628-4CD7-8800-AEABCD636360}.Release|Win32.Build.0 = Release|Win32
		{CA6F0834-0628-4CD7-8800-AEABCD636360}.Release|x64.ActiveCfg = Release|x64
		{CA6F0834-0628-4CD7-8800-AEABCD636360}.Release|x64.Build.0 = Release|x64
		{DE256E91-EE96-412E-82EE-DD7BD1A1130D}.Debug|Win32.ActiveCfg = Debug|Win32
		{DE256E91-EE96-412E-82EE-DD7BD1A1130D}.Debug|Win32.Build.0 = Debug|Win32
		{DE256E91-EE96-412E-82EE-DD7BD1A1130D}.Debug|x64.ActiveCfg = Debug|x64
		{DE256E91-EE96-412E-82EE-DD7BD1A1130D}.Debug|x64.Build.0 = Debug|x64
		{DE256E91-EE96-412E-82EE-DD7BD1A1130D}.DebugVLD|Win32.ActiveCfg = DebugVLD|Win32
		{DE256E91-EE96-412E-82EE-DD7BD1A1130D}.DebugVLD|Win32.Build.0 = DebugVLD|Win32
		{DE256E91-EE96-412E-82EE-DD7BD1A1130D}.DebugVLD|x64.ActiveCfg = DebugVLD|x64
		{DE256E91-EE96-412E-82EE-DD7BD1A1130D}.DebugVLD|x64.Build.0 = DebugVLD|x64
		{DE256E91-EE96-412E-82EE-DD7BD1A1130D}.Release|Win32.ActiveCfg = Release|Win32
		{DE256E91-EE96-412E-82EE-DD7BD1A1130D}.Release|Win32.Build.0 = Release|Win32
		{DE256E91-EE96-412E-82EE-DD7BD1A1130D}.Release|x64.ActiveCfg = Release|x64
		{DE256E91-EE96-412E-82EE-DD7BD1A1130D}.Release|x64.Build.0 = Release|x64
		{5407E9D2-67D9-4266-976E-7A90BDE2541D}.Debug|Win32.ActiveCfg = Debug|Win32
		{5407E9D2-67D9-4266-976E-7A90BDE2541D}.Debug|Win32.Build.0 = Debug|Win32
		{5407E9D2-67D9-4266-976E-7A90BDE2541D}.Debug|x64.ActiveCfg = Debug|x64
		{5407E9D2-67D9-4266-976E-7A90BDE2541D}.Debug|x64.Build.0 = Debug|x64
		{5407E9D2-67D9-4266-976E-7A90BDE2541D}.DebugVLD|Win32.ActiveCfg = DebugVLD|Win32
		{5407E9D2-67D9-4266-976E-7A90BDE2541D}.DebugVLD|Win32.Build.0 = DebugVLD|Win32
		{5407E9D2-67D9-4266-976E-7A90BDE2541D}.DebugVLD|x64.ActiveCfg = DebugVLD|x64
		{5407E9D2-67D9-4266-976E-7A90BDE2541D}.DebugVLD|x64.Build.0 = DebugVLD|x64
		{5407E9D2-67D9-4266-976E-7A90BDE2541D}.Release|Win32.ActiveCfg = Release|Win32
		{5407E9D2-67D9-4266-976E-7A90BDE2541D}.Release|Win32.Build.0 = Release|Win32
		{5407E9D2-67D9-4266-976E-7A90BDE2541D}.Release|x64.ActiveCfg = Release|x64
		{5407E9D2-67D9-4266-976E-7A90BDE2541D}.Release|x64.Build.0 = Release|x64
		{EA5D825A-83A4-4A36-83C1-3D048D21D55B}.Debug|Win32.ActiveCfg = Debug|Win32
		{EA5D825A-83A4-4A36-83C1-3D048D21D55B}.Debug|Win32.Build.0 = Debug|Win32
		{EA5D825A-83A4-4A36-83C1-3D048D21D55B}.Debug|x64.ActiveCfg = Debug|x64
		{EA5D825A-83A4-4A36-83C1-3D048D21D55B}.Debug|x64.Build.0 = Debug|x64
		{EA5D825A-83A4-4A36-83C1-3D048D21D55B}.DebugVLD|Win32.ActiveCfg = DebugVLD|Win32
		{EA5D825A-83A4-4A36-83C1-3D048D21D55B}.DebugVLD|Win32.Build.0 = DebugVLD|Win32
		{EA5D825A-83A4-4A36-83C1-3D048D21D55B}.DebugVLD|x64.ActiveCfg = DebugVLD|x64
		{EA5D825A-83A4-4A36-83C1-3D048D21D55B}.DebugVLD|x64.Build.0 = DebugVLD|x64
		{EA5D825A-83A4-4A36-83C1-3D048D21D55B}.Release|Win32.ActiveCfg = Release|Win32
		{EA5D825A-83A4-4A36-83C1-3D048D21D55B}.Release|Win32.Build.0 = Release|Win32
		{EA5D825A-83A4-4A36-83C1-3D048D21D55B}.Release|x64.ActiveCfg = Release|x64
		{EA5D825A-83A4-4A36-83C1-3D048D21D55B}.Release|x64.Build.0 = Release|x64
		{ED94B1D1-2442-43C2-A71C-A757122408A6}.Debug|Win32.ActiveCfg = Debug|Win32
		{ED94B1D1-2442-43C2-A71C-A757122408A6}.Debug|Win32.Build.0 = Debug|Win32
		{ED94B1D1-2442-43C2-A71C-A757122408A6}.Debug|x64.ActiveCfg = Debug|x64
		{ED94B1D1-2442-43C2-A71C-A757122408A6}.Debug|x64.Build.0 = Debug|x64
		{ED94B1D1-2442-43C2-A71C-A757122408A6}.DebugVLD|Win32.ActiveCfg = DebugVLD|Win32
		{ED94B1D1-2442-43C2-A71C-A757122408A6}.DebugVLD|Win32.Build.0 = DebugVLD|Win32
		{ED94B1D1-2442-43C2-A71C-A757122408A6}.DebugVLD|x64.ActiveCfg = DebugVLD|x64
		{ED94B1D1-2442-43C2-A71C-A757122408A6}.DebugVLD|x64.Build.0 = DebugVLD|x64
		{ED94B1D1-2442-43C2-A71C-A757122408A6}.Release|Win32.ActiveCfg = Release|Win32
		{ED94B1D1-2442-43C2-A71C-A757122408A6}.Release|Win32.Build.0 = Release|Win32
		{ED94B1D1-2442-43C2-A71C-A757122408A6}.Release|x64.ActiveCfg = Release|x64
		{ED94B1D1-2442-43C2-A71C-A757122408A6}.Release|x64.Build.0 = Release|x64
		{9EB8FAB6-78E8-48B6-9589-85985CE8D33D}.Debug|Win32.ActiveCfg = Debug|Win32
		{9EB8FAB6-78E8-48B6-9589-85985CE8D33D}.Debug|Win32.Build.0 = Debug|Win32
		{9EB8FAB6-78E8-48B6-9589-85985CE8D33D}.Debug|x64.ActiveCfg = Debug|x64
		{9EB8FAB6-78E8-48B6-9589-85985CE8D33D}.Debug|x64.Build.0 = Debug|x64
		{9EB8FAB6-78E8-48B6-9589-85985CE8D33D}.DebugVLD|Win32.ActiveCfg = DebugVLD|Win32
		{9EB8FAB6-78E8-48B6-9589-85985CE8D33D}.DebugVLD|Win32.Build.0 = DebugVLD|Win32
		{9EB8FAB6-78E8-48B6-9589-85985CE8D33D}.DebugVLD|x64.ActiveCfg = DebugVLD|x64
		{9EB8FAB6-78E8-48B6-9589-85985CE8D33D}.DebugVLD|x64.Build.0 = DebugVLD|x64
		{9EB8FAB6-78E8-48B6-9589-85985CE8D33D}.Release|Win32.ActiveCfg = Release|Win32
		{9EB8FAB6-78E8-48B6-9589-85985CE8D33D}.Release|Win32.Build.0 = Release|Win32
		{9EB8FAB6-78E8-48B6-9589-85985CE8D33D}.Release|x64.ActiveCfg = Release|x64
		{9EB8FAB6-78E8-48B6-9589-85985CE8D33D}.Release|x64.Build.0 = Release|x64
		{83FC591C-2CA2-4631-AD13-218FF4C27692}.Debug|Win32.ActiveCfg = Debug|Win32
		{83FC591C-2CA2-4631-AD13-218FF4C27692}.Debug|Win32.Build.0 = Debug|Win32
		{83FC591C-2CA2-4631-AD13-218FF4C27692}.Debug|x64.ActiveCfg = Debug|x64
		{83FC591C-2CA2-4631-AD13-218FF4C27692}.Debug|x64.Build.0 = Debug|x64
		{83FC591C-2CA2-4631-AD13-218FF4C27692}.DebugVLD|Win32.ActiveCfg = DebugVLD|Win32
		{83FC591C-2CA2-4631-AD13-218FF4C27692}.DebugVLD|Win32.Build.0 = DebugVLD|Win32
		{83FC591C-2CA2-4631-AD13-218FF4C27692}.DebugVLD|x64.ActiveCfg = DebugVLD|x64
		{83FC591C-2CA2-4631-AD13-218FF4C27692}.DebugVLD|x64.Build.0 = DebugVLD|x64
		{83FC591C-2CA2-4631-AD13-218FF4C27692}.Release|Win32.ActiveCfg = Release|Win32
		{83FC591C-2CA2-4631-AD13-218FF4C27692}.Release|Win32.Build.0 = Release|Win32
		{83FC591C-2CA2-4631-AD13-218FF4C27692}.Release|x64.ActiveCfg = Release|x64
		{83FC591C-2CA2-4631-AD13-218FF4C27692}.Release|x64.Build.0 = Release|x64
		{A34CED07-A442-4FA1-81C4-F8B9CD3C832B}.Debug|Win32.ActiveCfg = Debug|Win32
		{A34CED07-A442-4FA1-81C4-F8B9CD3C832B}.Debug|Win32.Build.0 = Debug|Win32
		{A34CED07-A442-4FA1-81C4-F8B9CD3C832B}.Debug|x64.ActiveCfg = Debug|x64
		{A34CED07-A442-4FA1-81C4-F8B9CD3C832B}.Debug|x64.Build.0 = Debug|x64
		{A34CED07-A442-4FA1-81C4-F8B9CD3C832B}.DebugVLD|Win32.ActiveCfg = DebugVLD|Win32
		{A34CED07-A442-4FA1-81C4-F8B9CD3C832B}.DebugVLD|Win32.Build.0 = DebugVLD|Win32
		{A34CED07-A442-4FA1-81C4-F8B9CD3C832B}.DebugVLD|x64.ActiveCfg = DebugVLD|x64
		{A34CED07-A442-4FA1-81C4-F8B9CD3C832B}.DebugVLD|x64.Build.0 = DebugVLD|x64
		{A34CED07-A442-4FA1-81C4-F8B9CD3C832B}.Release|Win32.ActiveCfg = Release|Win32
		{A34CED07-A442-4FA1-81C4-F8B9CD3C832B}.Release|Win32.Build.0 = Release|Win32
		{A34CED07-A442-4FA1-81C4-F8B9CD3C832B}.Release|x64.ActiveCfg = Release|x64
		{A34CED07-A442-4FA1-81C4-F8B9CD3C832B}.Release|x64.Build.0 = Release|x64
		{5E1C3684-9463-4A98-BAFC-9BD51F179BB6}.Debug|Win32.ActiveCfg = Debug|Win32
		{5E1C3684-9463-4A98-BAFC-9BD51F179BB6}.Debug|Win32.Build.0 = Debug|Win32
		{5E1C3684-9463-4A98-BAFC-9BD51F179BB6}.Debug|x64.ActiveCfg = Debug|x64
		{5E1C3684-9463-4A98-BAFC-9BD51F179BB6}.Debug|x64.Build.0 = Debug|x64
		{5E1C3684-9463-4A98-BAFC-9BD51F179BB6}.DebugVLD|Win32.ActiveCfg = DebugVLD|Win32
		{5E1C3684-9463-4A98-BAFC-9BD51F179BB6}.DebugVLD|Win32.Build.0 = DebugVLD|Win32
		{5E1C3684-9463-4A98-BAFC-9BD51F179BB6}.DebugVLD|x64.ActiveCfg = DebugVLD|x64
		{5E1C3684-9463-4A98-BAFC-9BD51F179BB6}.DebugVLD|x64.Build.0 = DebugVLD|x64
		{5E1C3684-9463-4A98-BAFC-9BD51F179BB6}.Release|Win32.ActiveCfg = Release|Win32
		{5E1C3684-9463-4A98-BAFC-9BD51F179BB6}.Release|Win32.Build.0 = Release|Win32
		{5E1C3684-9463-4A98-BAFC-9BD51F179BB6}.Release|x64.ActiveCfg = Release|x64
		{5E1C3684-9463-4A98-BAFC-9BD51F179BB6}.Release|x64.Build.0 = Release|x64
		{50B2EC4B-A118-4E7B-ABC7-2EA8B685A58C}.Debug|Win32.ActiveCfg = Debug|Win32
		{50B2EC4B-A118-4E7B-ABC7-2EA8B685A58C}.Debug|Win32.Build.0 = Debug|Win32
		{50B2EC4B-A118-4E7B-ABC7-2EA8B685A58C}.Debug|x64.ActiveCfg = Debug|x64
		{50B2EC4B-A118-4E7B-ABC7-2EA8B685A58C}.Debug|x64.Build.0 = Debug|x64
		{50B2EC4B-A118-4E7B-ABC7-2EA8B685A58C}.DebugVLD|Win32.ActiveCfg = DebugVLD|Win32
		{50B2EC4B-A118-4E7B-ABC7-2EA8B685A58C}.DebugVLD|Win32.Build.0 = DebugVLD|Win32
		{50B2EC4B-A118-4E7B-ABC7-2EA8B685A58C}.DebugVLD|x64.ActiveCfg = DebugVLD|x64
		{50B2EC4B-A118-4E7B-ABC7-2EA8B685A58C}.DebugVLD|x64.Build.0 = DebugVLD|x64
		{50B2EC4B-A118-4E7B-ABC7-2EA8B685A58C}.Release|Win32.ActiveCfg = Release|Win32
		{50B2EC4B-A118-4E7B-ABC7-2EA8B685A58C}.Release|Win32.Build.0 = Release|Win32
		{50B2EC4B-A118-4E7B-ABC7-2EA8B685A58C}.Release|x64.ActiveCfg = Release|x64
		{50B2EC4B-A118-4E7B-ABC7-2EA8B685A58C}.Release|x64.Build.0 = Release|x64
		{51AC349E-B365-4FCF-8778-17A1534E4584}.Debug|Win32.ActiveCfg = Debug|Win32
		{51AC349E-B365-4FCF-8778-17A1534E4584}.Debug|Win32.Build.0 = Debug|Win32
		{51AC349E-B365-4FCF-8778-17A1534E4584}.Debug|x64.ActiveCfg = Debug|x64
		{51AC349E-B365-4FCF-8778-17A1534E4584}.Debug|x64.Build.0 = Debug|x64
		{51AC349E-B365-4FCF-8778-17A1534E4584}.DebugVLD|Win32.ActiveCfg = DebugVLD|Win32
		{51AC349E-B365-4FCF-8778-17A1534E4584}.DebugVLD|Win32.Build.0 = DebugVLD|Win32
		{51AC349E-B365-4FCF-8778-17A1534E4584}.DebugVLD|x64.ActiveCfg = DebugVLD|x64
		{51AC349E-B365-4FCF-8778-17A1534E4584}.DebugVLD|x64.Build.0 = DebugVLD|x64
		{51AC349E-B365-4FCF-8778-17A1534E4584}.Release|Win32.ActiveCfg = Release|Win32
		{51AC349E-B365-4FCF-8778-17A1534E4584}.Release|Win32.Build.0 = Release|Win32
		{51AC349E-B365-4FCF-8778-17A1534E4584}.Release|x64.ActiveCfg = Release|x64
		{51AC349E-B365-4FCF-8778-17A1534E4584}.Release|x64.Build.0 = Release|x64
		{A589D3F1-A749-4268-ADEC-D0CE13D1E359}.Debug|Win32.ActiveCfg = Debug|Win32
		{A589D3F1-A749-4268-ADEC-D0CE13D1E359}.Debug|Win32.Build.0 = Debug|Win32
		{A589D3F1-A749-4268-ADEC-D0CE13D1E359}.Debug|x64.ActiveCfg = Debug|x64
		{A589D3F1-A749-4268-ADEC-D0CE13D1E359}.Debug|x64.Build.0 = Debug|x64
		{A589D3F1-A749-4268-ADEC-D0CE13D1E359}.DebugVLD|Win32.ActiveCfg = DebugVLD|Win32
		{A589D3F1-A749-4268-ADEC-D0CE13D1E359}.DebugVLD|Win32.Build.0 = DebugVLD|Win32
		{A589D3F1-A749-4268-ADEC-D0CE13D1E359}.DebugVLD|x64.ActiveCfg = DebugVLD|x64
		{A589D3F1-A749-4268-ADEC-D0CE13D1E359}.DebugVLD|x64.Build.0 = DebugVLD|x64
		{A589D3F1-A749-4268-ADEC-D0CE13D1E359}.Release|Win32.ActiveCfg = Release|Win32
		{A589D3F1-A749-4268-ADEC-D0CE13D1E359}.Release|Win32.Build.0 = Release|Win32
		{A589D3F1-A749-4268-ADEC-D0CE13D1E359}.Release|x64.ActiveCfg = Release|x64
		{A589D3F1-A749-4268-ADEC-D0CE13D1E359}.Release|x64.Build.0 = Release|x64
		{EC1EF263-7E34-4867-9ED9-77AA7963CD4A}.Debug|Win32.ActiveCfg = Debug|Win32
		{EC1EF263-7E34-4867-9ED9-77AA7963CD4A}.Debug|Win32.Build.0 = Debug|Win32
		{EC1EF263-7E34-4867-9ED9-77AA7963CD4A}.Debug|x64.ActiveCfg = Debug|x64
		{EC1EF263-7E34-4867-9ED9-77AA7963CD4A}.Debug|x64.Build.0 = Debug|x64
		{EC1EF263-7E34-4867-9ED9-77AA7963CD4A}.DebugVLD|Win32.ActiveCfg = DebugVLD|Win32
		{EC1EF263-7E34-4867-9ED9-77AA7963CD4A}.DebugVLD|Win32.Build.0 = DebugVLD|Win32
		{EC1EF263-7E34-4867-9ED9-77AA7963CD4A}.DebugVLD|x64.ActiveCfg = DebugVLD|x64
		{EC1EF263-7E34-4867-9ED9-77AA7963CD4A}.DebugVLD|x64.Build.0 = DebugVLD|x64
		{EC1EF263-7E34-4867-9ED9-77AA7963CD4A}.Release|Win32.ActiveCfg = Release|Win32
		{EC1EF263-7E34-4867-9ED9-77AA7963CD4A}.Release|Win32.Build.0 = Release|Win32
		{EC1EF263-7E34-4867-9ED9-77AA7963CD4A}.Release|x64.ActiveCfg = Release|x64
		{EC1EF263-7E34-4867-9ED9-77AA7963CD4A}.Release|x64.Build.0 = Release|x64
		{648021D3-6E18-4B94-88B8-F6A59609E210}.Debug|Win32.ActiveCfg = Debug|Win32
		{648021D3-6E18-4B94-88B8-F6A59609E210}.Debug|Win32.Build.0 = Debug|Win32
		{648021D3-6E18-4B94-88B8-F6A59609E210}.Debug|x64.ActiveCfg = Debug|x64
		{648021D3-6E18-4B94-88B8-F6A59609E210}.Debug|x64.Build.0 = Debug|x64
		{648021D3-6E18-4B94-88B8-F6A59609E210}.DebugVLD|Win32.ActiveCfg = DebugVLD|Win32
		{648021D3-6E18-4B94-88B8-F6A59609E210}.DebugVLD|Win32.Build.0 = DebugVLD|Win32
		{648021D3-6E18-4B94-88B8-F6A59609E210}.DebugVLD|x64.ActiveCfg = DebugVLD|x64
		{648021D3-6E18-4B94-88B8-F6A59609E210}.DebugVLD|x64.Build.0 = DebugVLD|x64
		{648021D3-6E18-4B94-88B8-F6A59609E210}.Release|Win32.ActiveCfg = Release|Win32
		{648021D3-6E18-4B94-88B8-F6A59609E210}.Release|Win32.Build.0 = Release|Win32
		{648021D3-6E18-4B94-88B8-F6A59609E210}.Release|x64.ActiveCfg = Release|x64
		{648021D3-6E18-4B94-88B8-F6A59609E210}.Release|x64.Build.0 = Release|x64
		{42B7E892-DDDA-4D00-9AB7-378E0E7E9433}.Debug|Win32.ActiveCfg = Debug|Win32
		{42B7E892-DDDA-4D00-9AB7-378E0E7E9433}.Debug|Win32.Build.0 = Debug|Win32
		{42B7E892-DDDA-4D00-9AB7-378E0E7E9433}.Debug|x64.ActiveCfg = Debug|x64
		{42B7E892-DDDA-4D00-9AB7-378E0E7E9433}.Debug|x64.Build.0 = Debug|x64
		{42B7E892-DDDA-4D00-9AB7-378E0E7E9433}.DebugVLD|Win32.ActiveCfg = DebugVLD|Win32
		{42B7E892-DDDA-4D00-9AB7-378E0E7E9433}.DebugVLD|Win32.Build.0 = DebugVLD|Win32
		{42B7E892-DDDA-4D00-9AB7-378E0E7E9433}.DebugVLD|x64.ActiveCfg = DebugVLD|x64
		{42B7E892-DDDA-4D00-9AB7-378E0E7E9433}.DebugVLD|x64.Build.0 = DebugVLD|x64
		{42B7E892-DDDA-4D00-9AB7-378E0E7E9433}.Release|Win32.ActiveCfg = Release|Win32
		{42B7E892-DDDA-4D00-9AB7-378E0E7E9433}.Release|Win32.Build.0 = Release|Win32
		{42B7E892-DDDA-4D00-9AB7-378E0E7E9433}.Release|x64.ActiveCfg = Release|x64
		{42B7E892-DDDA-4D00-9AB7-378E0E7E9433}.Release|x64.Build.0 = Release|x64
		{00FD5CB8-E1A4-40CA-B613-30A06A75622B}.Debug|Win32.ActiveCfg = Debug|Win32
		{00FD5CB8-E1A4-40CA-B613-30A06A75622B}.Debug|Win32.Build.0 = Debug|Win32
		{00FD5CB8-E1A4-40CA-B613-30A06A75622B}.Debug|x64.ActiveCfg = Debug|x64
		{00FD5CB8-E1A4-40CA-B613-30A06A75622B}.Debug|x64.Build.0 = Debug|x64
		{00FD5CB8-E1A4-40CA-B613-30A06A75622B}.DebugVLD|Win32.ActiveCfg = DebugVLD|Win32
		{00FD5CB8-E1A4-40CA-B613-30A06A75622B}.DebugVLD|Win32.Build.0 = DebugVLD|Win32
		{00FD5CB8-E1A4-40CA-B613-30A06A75622B}.DebugVLD|x64.ActiveCfg = DebugVLD|x64
		{00FD5CB8-E1A4-40CA-B613-30A06A75622B}.DebugVLD|x64.Build.0 = DebugVLD|x64
		{00FD5CB8-E1A4-40CA-B613-30A06A75622B}.Release|Win32.ActiveCfg = Release|Win32
		{00FD5CB8-E1A4-40CA-B613-30A06A75622B}.Release|Win32.Build.0 = Release|Win32
		{00FD5CB8-E1A4-40CA-B613-30A06A75622B}.Release|x64.ActiveCfg = Release|x64
		{00FD5CB8-E1A4-40CA-B613-30A06A75622B}.Release|x64.Build.0 = Release|x64
		{2ABD6A2E-BEA7-4C8C-982B-A609F83D2DCB}.Debug|Win32.ActiveCfg = Debug|Win32
		{2ABD6A2E-BEA7-4C8C-982B-A609F83D2DCB}.Debug|Win32.Build.0 = Debug|Win32
		{2ABD6A2E-BEA7-4C8C-982B-A609F83D2DCB}.Debug|x64.ActiveCfg = Debug|x64
		{2ABD6A2E-BEA7-4C8C-982B-A609F83D2DCB}.Debug|x64.Build.0 = Debug|x64
		{2ABD6A2E-BEA7-4C8C-982B-A609F83D2DCB}.DebugVLD|Win32.ActiveCfg = DebugVLD|Win32
		{2ABD6A2E-BEA7-4C8C-982B-A609F83D2DCB}.DebugVLD|Win32.Build.0 = DebugVLD|Win32
		{2ABD6A2E-BEA7-4C8C-982B-A609F83D2DCB}.DebugVLD|x64.ActiveCfg = DebugVLD|x64
		{2ABD6A2E-BEA7-4C8C-982B-A609F83D2DCB}.DebugVLD|x64.Build.0 = DebugVLD|x64
		{2ABD6A2E-BEA7-4C8C-982B-A609F83D2DCB}.Release|Win32.ActiveCfg = Release|Win32
		{2ABD6A2E-BEA7-4C8C-982B-A609F83D2DCB}.Release|Win32.Build.0 = Release|Win32
		{2ABD6A2E-BEA7-4C8C-982B-A609F83D2DCB}.Release|x64.ActiveCfg = Release|x64
		{2ABD6A2E-BEA7-4C8C-982B-A609F83D2DCB}.Release|x64.Build.0 = Release|x64
		{FA22E700-1AE5-4D7B-B9F1-0A919FF7FF06}.Debug|Win32.ActiveCfg = Debug|Win32
		{FA22E700-1AE5-4D7B-B9F1-0A919FF7FF06}.Debug|Win32.Build.0 = Debug|Win32
		{FA22E700-1AE5-4D7B-B9F1-0A919FF7FF06}.Debug|x64.ActiveCfg = Debug|x64
		{FA22E700-1AE5-4D7B-B9F1-0A919FF7FF06}.Debug|x64.Build.0 = Debug|x64
		{FA22E700-1AE5-4D7B-B9F1-0A919FF7FF06}.DebugVLD|Win32.ActiveCfg = DebugVLD|Win32
		{FA22E700-1AE5-4D7B-B9F1-0A919FF7FF06}.DebugVLD|Win32.Build.0 = DebugVLD|Win32
		{FA22E700-1AE5-4D7B-B9F1-0A919FF7FF06}.DebugVLD|x64.ActiveCfg = DebugVLD|x64
		{FA22E700-1AE5-4D7B-B9F1-0A919FF7FF06}.DebugVLD|x64.Build.0 = DebugVLD|x64
		{FA22E700-1AE5-4D7B-B9F1-0A919FF7FF06}.Release|Win32.ActiveCfg = Release|Win32
		{FA22E700-1AE5-4D7B-B9F1-0A919FF7FF06}.Release|Win32.Build.0 = Release|Win32
		{FA22E700-1AE5-4D7B-B9F1-0A919FF7FF06}.Release|x64.ActiveCfg = Release|x64
		{FA22E700-1AE5-4D7B-B9F1-0A919FF7FF06}.Release|x64.Build.0 = Release|x64
		{8202D428-1E08-4744-B372-6B2E83A9928E}.Debug|Win32.ActiveCfg = Debug|Win32
		{8202D428-1E08-4744-B372-6B2E83A9928E}.Debug|Win32.Build.0 = Debug|Win32
		{8202D428-1E08-4744-B372-6B2E83A9928E}.Debug|x64.ActiveCfg = Debug|x64
		{8202D428-1E08-4744-B372-6B2E83A9928E}.Debug|x64.Build.0 = Debug|x64
		{8202D428-1E08-4744-B372-6B2E83A9928E}.DebugVLD|Win32.ActiveCfg = DebugVLD|Win32
		{8202D428-1E08-4744-B372-6B2E83A9928E}.DebugVLD|Win32.Build.0 = DebugVLD|Win32
		{8202D428-1E08-4744-B372-6B2E83A9928E}.DebugVLD|x64.ActiveCfg = DebugVLD|x64
		{8202D428-1E08-4744-B372-6B2E83A9928E}.DebugVLD|x64.Build.0 = DebugVLD|x64
		{8202D428-1E08-4744-B372-6B2E83A9928E}.Release|Win32.ActiveCfg = Release|Win32
		{8202D428-1E08-4744-B372-6B2E83A9928E}.Release|Win32.Build.0 = Release|Win32
		{8202D428-1E08-4744-B372-6B2E83A9928E}.Release|x64.ActiveCfg = Release|x64
		{8202D428-1E08-4744-B372-6B2E83A9928E}.Release|x64.Build.0 = Release|x64
	EndGlobalSection
	GlobalSection(SolutionProperties) = preSolution
		HideSolutionNode = FALSE
	EndGlobalSection
	GlobalSection(NestedProjects) = preSolution
		{61179F2F-07E1-490D-B64D-D85A90B6EF81} = {B30CA283-1796-4763-92C3-2E4848D443F7}
		{77350FDC-9E51-438B-9A8F-D2FEA11D46B2} = {B30CA283-1796-4763-92C3-2E4848D443F7}
		{6BB7A27F-FC59-4267-B6FA-D034176D1459} = {B30CA283-1796-4763-92C3-2E4848D443F7}
		{A64449B7-90FB-4E2B-A686-9EFC0E298644} = {B30CA283-1796-4763-92C3-2E4848D443F7}
		{3C598F96-FB84-4D42-9B43-F697F53B0221} = {6BB7A27F-FC59-4267-B6FA-D034176D1459}
		{BA2A9239-0299-4069-BB0E-16DACE87ADE0} = {6BB7A27F-FC59-4267-B6FA-D034176D1459}
		{CA25BDBF-B354-4597-B6D2-220ABBB0D2F4} = {6BB7A27F-FC59-4267-B6FA-D034176D1459}
		{AF7B2253-2E6D-4992-94D9-4B3699C54929} = {A64449B7-90FB-4E2B-A686-9EFC0E298644}
		{BA23811C-D4CB-4836-B2F3-6791BD6FFCD1} = {A64449B7-90FB-4E2B-A686-9EFC0E298644}
		{7521DD92-56FF-4ECA-93E5-CCE50862354B} = {6BB7A27F-FC59-4267-B6FA-D034176D1459}
		{CA6F0834-0628-4CD7-8800-AEABCD636360} = {6BB7A27F-FC59-4267-B6FA-D034176D1459}
		{DE256E91-EE96-412E-82EE-DD7BD1A1130D} = {A64449B7-90FB-4E2B-A686-9EFC0E298644}
		{5407E9D2-67D9-4266-976E-7A90BDE2541D} = {810490B7-31E5-49AE-8455-CAF99A9658B6}
		{EA5D825A-83A4-4A36-83C1-3D048D21D55B} = {810490B7-31E5-49AE-8455-CAF99A9658B6}
		{ED94B1D1-2442-43C2-A71C-A757122408A6} = {810490B7-31E5-49AE-8455-CAF99A9658B6}
		{9EB8FAB6-78E8-48B6-9589-85985CE8D33D} = {810490B7-31E5-49AE-8455-CAF99A9658B6}
		{83FC591C-2CA2-4631-AD13-218FF4C27692} = {810490B7-31E5-49AE-8455-CAF99A9658B6}
		{A34CED07-A442-4FA1-81C4-F8B9CD3C832B} = {10E1FAF2-904D-405E-8AB5-6878A1B03346}
		{5E1C3684-9463-4A98-BAFC-9BD51F179BB6} = {10E1FAF2-904D-405E-8AB5-6878A1B03346}
		{50B2EC4B-A118-4E7B-ABC7-2EA8B685A58C} = {10E1FAF2-904D-405E-8AB5-6878A1B03346}
		{51AC349E-B365-4FCF-8778-17A1534E4584} = {10E1FAF2-904D-405E-8AB5-6878A1B03346}
		{A589D3F1-A749-4268-ADEC-D0CE13D1E359} = {810490B7-31E5-49AE-8455-CAF99A9658B6}
		{EC1EF263-7E34-4867-9ED9-77AA7963CD4A} = {810490B7-31E5-49AE-8455-CAF99A9658B6}
		{648021D3-6E18-4B94-88B8-F6A59609E210} = {810490B7-31E5-49AE-8455-CAF99A9658B6}
		{42B7E892-DDDA-4D00-9AB7-378E0E7E9433} = {810490B7-31E5-49AE-8455-CAF99A9658B6}
		{00FD5CB8-E1A4-40CA-B613-30A06A75622B} = {810490B7-31E5-49AE-8455-CAF99A9658B6}
		{2ABD6A2E-BEA7-4C8C-982B-A609F83D2DCB} = {810490B7-31E5-49AE-8455-CAF99A9658B6}
		{FA22E700-1AE5-4D7B-B9F1-0A919FF7FF06} = {810490B7-31E5-49AE-8455-CAF99A9658B6}
		{0D83E8C7-97D1-4BA1-928A-6846E7089652} = {10E1FAF2-904D-405E-8AB5-6878A1B03346}
		{8202D428-1E08-4744-B372-6B2E83A9928E} = {0D83E8C7-97D1-4BA1-928A-6846E7089652}
		{D968B0F5-52BD-40C1-B230-28104567CE97} = {0D83E8C7-97D1-4BA1-928A-6846E7089652}
	EndGlobalSection
	GlobalSection(DPCodeReviewSolutionGUID) = preSolution
		DPCodeReviewSolutionGUID = {00000000-0000-0000-0000-000000000000}
	EndGlobalSection
EndGlobal
