<?xml version="1.0" encoding="utf-8"?>
<Project ToolsVersion="4.0" xmlns="http://schemas.microsoft.com/developer/msbuild/2003">
  <ItemGroup>
    <Filter Include="Source Files">
      <UniqueIdentifier>{4FC737F1-C7A5-4376-A066-2A32D752A2FF}</UniqueIdentifier>
      <Extensions>cpp;c;cc;cxx;def;odl;idl;hpj;bat;asm;asmx</Extensions>
    </Filter>
    <Filter Include="Header Files">
      <UniqueIdentifier>{93995380-89BD-4b04-88EB-625FBE52EBFB}</UniqueIdentifier>
      <Extensions>h;hh;hpp;hxx;hm;inl;inc;xsd</Extensions>
    </Filter>
    <Filter Include="Resource Files">
      <UniqueIdentifier>{67DA6AB6-F800-4c08-8B7A-83BB121AAD01}</UniqueIdentifier>
      <Extensions>rc;ico;cur;bmp;dlg;rc2;rct;bin;rgs;gif;jpg;jpeg;jpe;resx;tiff;tif;png;wav;mfcribbon-ms</Extensions>
    </Filter>
    <Filter Include="Source Files\MichaelSet">
      <UniqueIdentifier>{4c75be9d-6104-435d-b08f-09fa33b2bfcc}</UniqueIdentifier>
    </Filter>
    <Filter Include="Source Files\SplitList">
      <UniqueIdentifier>{6cf522b0-3039-424a-80f6-12e9ca592630}</UniqueIdentifier>
    </Filter>
    <Filter Include="Source Files\SkipList">
      <UniqueIdentifier>{5c30de7f-5e68-4ef5-b9a5-63a1ec626010}</UniqueIdentifier>
    </Filter>
    <Filter Include="Source Files\FeldmanHashSet">
      <UniqueIdentifier>{0f6f4b41-97bc-411f-b24e-790ff162e314}</UniqueIdentifier>
    </Filter>
  </ItemGroup>
  <ItemGroup>
    <ClCompile Include="..\..\..\test\unit\main.cpp">
      <Filter>Source Files</Filter>
    </ClCompile>
    <ClCompile Include="..\..\..\test\unit\set\michael_michael_hp.cpp">
      <Filter>Source Files\MichaelSet</Filter>
    </ClCompile>
    <ClCompile Include="..\..\..\test\unit\set\michael_michael_dhp.cpp">
      <Filter>Source Files\MichaelSet</Filter>
    </ClCompile>
    <ClCompile Include="..\..\..\test\unit\set\michael_michael_rcu_gpb.cpp">
      <Filter>Source Files\MichaelSet</Filter>
    </ClCompile>
    <ClCompile Include="..\..\..\test\unit\set\michael_michael_rcu_gpi.cpp">
      <Filter>Source Files\MichaelSet</Filter>
    </ClCompile>
    <ClCompile Include="..\..\..\test\unit\set\michael_michael_rcu_gpt.cpp">
      <Filter>Source Files\MichaelSet</Filter>
    </ClCompile>
    <ClCompile Include="..\..\..\test\unit\set\michael_michael_rcu_shb.cpp">
      <Filter>Source Files\MichaelSet</Filter>
    </ClCompile>
    <ClCompile Include="..\..\..\test\unit\set\michael_michael_rcu_sht.cpp">
      <Filter>Source Files\MichaelSet</Filter>
    </ClCompile>
    <ClCompile Include="..\..\..\test\unit\set\michael_michael_nogc.cpp">
      <Filter>Source Files\MichaelSet</Filter>
    </ClCompile>
    <ClCompile Include="..\..\..\test\unit\set\michael_lazy_hp.cpp">
      <Filter>Source Files\MichaelSet</Filter>
    </ClCompile>
    <ClCompile Include="..\..\..\test\unit\set\michael_lazy_dhp.cpp">
      <Filter>Source Files\MichaelSet</Filter>
    </ClCompile>
    <ClCompile Include="..\..\..\test\unit\set\michael_lazy_rcu_gpb.cpp">
      <Filter>Source Files\MichaelSet</Filter>
    </ClCompile>
    <ClCompile Include="..\..\..\test\unit\set\michael_lazy_rcu_gpi.cpp">
      <Filter>Source Files\MichaelSet</Filter>
    </ClCompile>
    <ClCompile Include="..\..\..\test\unit\set\michael_lazy_rcu_gpt.cpp">
      <Filter>Source Files\MichaelSet</Filter>
    </ClCompile>
    <ClCompile Include="..\..\..\test\unit\set\michael_lazy_rcu_shb.cpp">
      <Filter>Source Files\MichaelSet</Filter>
    </ClCompile>
    <ClCompile Include="..\..\..\test\unit\set\michael_lazy_rcu_sht.cpp">
      <Filter>Source Files\MichaelSet</Filter>
    </ClCompile>
    <ClCompile Include="..\..\..\test\unit\set\michael_lazy_nogc.cpp">
      <Filter>Source Files\MichaelSet</Filter>
    </ClCompile>
    <ClCompile Include="..\..\..\test\unit\set\split_michael_hp.cpp">
      <Filter>Source Files\SplitList</Filter>
    </ClCompile>
    <ClCompile Include="..\..\..\test\unit\set\split_michael_dhp.cpp">
      <Filter>Source Files\SplitList</Filter>
    </ClCompile>
    <ClCompile Include="..\..\..\test\unit\set\split_lazy_hp.cpp">
      <Filter>Source Files\SplitList</Filter>
    </ClCompile>
    <ClCompile Include="..\..\..\test\unit\set\split_lazy_dhp.cpp">
      <Filter>Source Files\SplitList</Filter>
    </ClCompile>
    <ClCompile Include="..\..\..\test\unit\set\split_michael_rcu_gpb.cpp">
      <Filter>Source Files\SplitList</Filter>
    </ClCompile>
    <ClCompile Include="..\..\..\test\unit\set\split_michael_rcu_gpi.cpp">
      <Filter>Source Files\SplitList</Filter>
    </ClCompile>
    <ClCompile Include="..\..\..\test\unit\set\split_michael_rcu_gpt.cpp">
      <Filter>Source Files\SplitList</Filter>
    </ClCompile>
    <ClCompile Include="..\..\..\test\unit\set\split_michael_rcu_shb.cpp">
      <Filter>Source Files\SplitList</Filter>
    </ClCompile>
    <ClCompile Include="..\..\..\test\unit\set\split_michael_rcu_sht.cpp">
      <Filter>Source Files\SplitList</Filter>
    </ClCompile>
    <ClCompile Include="..\..\..\test\unit\set\split_lazy_rcu_gpb.cpp">
      <Filter>Source Files\SplitList</Filter>
    </ClCompile>
    <ClCompile Include="..\..\..\test\unit\set\split_lazy_rcu_gpi.cpp">
      <Filter>Source Files\SplitList</Filter>
    </ClCompile>
    <ClCompile Include="..\..\..\test\unit\set\split_lazy_rcu_gpt.cpp">
      <Filter>Source Files\SplitList</Filter>
    </ClCompile>
    <ClCompile Include="..\..\..\test\unit\set\split_lazy_rcu_shb.cpp">
      <Filter>Source Files\SplitList</Filter>
    </ClCompile>
    <ClCompile Include="..\..\..\test\unit\set\split_lazy_rcu_sht.cpp">
      <Filter>Source Files\SplitList</Filter>
    </ClCompile>
    <ClCompile Include="..\..\..\test\unit\set\split_michael_nogc.cpp">
      <Filter>Source Files\SplitList</Filter>
    </ClCompile>
    <ClCompile Include="..\..\..\test\unit\set\split_lazy_nogc.cpp">
      <Filter>Source Files\SplitList</Filter>
    </ClCompile>
    <ClCompile Include="..\..\..\test\unit\set\skiplist_hp.cpp">
      <Filter>Source Files\SkipList</Filter>
    </ClCompile>
    <ClCompile Include="..\..\..\test\unit\set\skiplist_dhp.cpp">
      <Filter>Source Files\SkipList</Filter>
    </ClCompile>
    <ClCompile Include="..\..\..\test\unit\set\skiplist_nogc.cpp">
      <Filter>Source Files\SkipList</Filter>
    </ClCompile>
    <ClCompile Include="..\..\..\test\unit\set\skiplist_rcu_gpb.cpp">
      <Filter>Source Files\SkipList</Filter>
    </ClCompile>
    <ClCompile Include="..\..\..\test\unit\set\skiplist_rcu_gpi.cpp">
      <Filter>Source Files\SkipList</Filter>
    </ClCompile>
    <ClCompile Include="..\..\..\test\unit\set\skiplist_rcu_gpt.cpp">
      <Filter>Source Files\SkipList</Filter>
    </ClCompile>
    <ClCompile Include="..\..\..\test\unit\set\skiplist_rcu_shb.cpp">
      <Filter>Source Files\SkipList</Filter>
    </ClCompile>
    <ClCompile Include="..\..\..\test\unit\set\skiplist_rcu_sht.cpp">
      <Filter>Source Files\SkipList</Filter>
    </ClCompile>
    <ClCompile Include="..\..\..\test\unit\set\feldman_hashset_hp.cpp">
      <Filter>Source Files\FeldmanHashSet</Filter>
    </ClCompile>
    <ClCompile Include="..\..\..\test\unit\set\feldman_hashset_dhp.cpp">
      <Filter>Source Files\FeldmanHashSet</Filter>
    </ClCompile>
    <ClCompile Include="..\..\..\test\unit\set\feldman_hashset_rcu_gpb.cpp">
      <Filter>Source Files\FeldmanHashSet</Filter>
    </ClCompile>
    <ClCompile Include="..\..\..\test\unit\set\feldman_hashset_rcu_gpi.cpp">
      <Filter>Source Files\FeldmanHashSet</Filter>
    </ClCompile>
    <ClCompile Include="..\..\..\test\unit\set\feldman_hashset_rcu_gpt.cpp">
      <Filter>Source Files\FeldmanHashSet</Filter>
    </ClCompile>
    <ClCompile Include="..\..\..\test\unit\set\feldman_hashset_rcu_shb.cpp">
      <Filter>Source Files\FeldmanHashSet</Filter>
    </ClCompile>
    <ClCompile Include="..\..\..\test\unit\set\feldman_hashset_rcu_sht.cpp">
      <Filter>Source Files\FeldmanHashSet</Filter>
    </ClCompile>
  </ItemGroup>
  <ItemGroup>
    <ClInclude Include="..\..\..\test\unit\set\test_set.h">
      <Filter>Header Files</Filter>
    </ClInclude>
    <ClInclude Include="..\..\..\test\unit\set\test_set_hp.h">
      <Filter>Header Files</Filter>
    </ClInclude>
    <ClInclude Include="..\..\..\test\unit\set\test_set_rcu.h">
      <Filter>Header Files</Filter>
    </ClInclude>
    <ClInclude Include="..\..\..\test\unit\set\test_set_nogc.h">
      <Filter>Header Files</Filter>
    </ClInclude>
    <ClInclude Include="..\..\..\test\unit\set\test_michael_lazy_rcu.h">
      <Filter>Header Files</Filter>
    </ClInclude>
    <ClInclude Include="..\..\..\test\unit\set\test_michael_michael_rcu.h">
      <Filter>Header Files</Filter>
    </ClInclude>
    <ClInclude Include="..\..\..\test\unit\set\test_split_michael_rcu.h">
      <Filter>Header Files</Filter>
    </ClInclude>
    <ClInclude Include="..\..\..\test\unit\set\test_split_lazy_rcu.h">
      <Filter>Header Files</Filter>
    </ClInclude>
    <ClInclude Include="..\..\..\test\unit\set\test_skiplist_rcu.h">
      <Filter>Header Files</Filter>
    </ClInclude>
    <ClInclude Include="..\..\..\test\unit\set\test_feldman_hashset.h">
      <Filter>Header Files</Filter>
    </ClInclude>
    <ClInclude Include="..\..\..\test\unit\set\test_feldman_hashset_hp.h">
      <Filter>Header Files</Filter>
    </ClInclude>
    <ClInclude Include="..\..\..\test\unit\set\test_feldman_hashset_rcu.h">
      <Filter>Header Files</Filter>
    </ClInclude>
    <ClInclude Include="..\..\..\test\unit\set\test_ordered_set_hp.h">
      <Filter>Header Files</Filter>
    </ClInclude>
  </ItemGroup>
</Project>