<?xml version="1.0" encoding="utf-8"?>
<Project ToolsVersion="4.0" xmlns="http://schemas.microsoft.com/developer/msbuild/2003">
  <ItemGroup>
    <Filter Include="container">
      <UniqueIdentifier>{dec34594-a06a-4ed8-9792-fbc6b2a251f5}</UniqueIdentifier>
    </Filter>
    <Filter Include="intrusive">
      <UniqueIdentifier>{a13910ed-6cb1-46bc-a137-7da531e65e3a}</UniqueIdentifier>
    </Filter>
  </ItemGroup>
  <ItemGroup>
    <ClInclude Include="..\..\..\tests\test-hdr\tree\hdr_intrusive_bintree.h">
      <Filter>intrusive</Filter>
    </ClInclude>
    <ClInclude Include="..\..\..\tests\test-hdr\tree\hdr_intrusive_ellen_bintree_pool_rcu.h">
      <Filter>intrusive</Filter>
    </ClInclude>
    <ClInclude Include="..\..\..\tests\test-hdr\tree\hdr_ellenbintree_map.h">
      <Filter>container</Filter>
    </ClInclude>
    <ClInclude Include="..\..\..\tests\test-hdr\tree\hdr_ellenbintree_set.h">
      <Filter>container</Filter>
    </ClInclude>
    <ClInclude Include="..\..\..\tests\test-hdr\tree\hdr_intrusive_ellen_bintree_pool_hp.h">
      <Filter>intrusive</Filter>
    </ClInclude>
    <ClInclude Include="..\..\..\tests\test-hdr\tree\hdr_intrusive_ellen_bintree_pool_dhp.h">
      <Filter>intrusive</Filter>
    </ClInclude>
  </ItemGroup>
  <ItemGroup>
    <ClCompile Include="..\..\..\tests\test-hdr\tree\hdr_intrusive_ellen_bintree_rcu_gpi.cpp">
      <Filter>intrusive</Filter>
    </ClCompile>
    <ClCompile Include="..\..\..\tests\test-hdr\tree\hdr_intrusive_ellen_bintree_rcu_gpb.cpp">
      <Filter>intrusive</Filter>
    </ClCompile>
    <ClCompile Include="..\..\..\tests\test-hdr\tree\hdr_intrusive_ellen_bintree_rcu_gpb_member.cpp">
      <Filter>intrusive</Filter>
    </ClCompile>
    <ClCompile Include="..\..\..\tests\test-hdr\tree\hdr_intrusive_ellen_bintree_rcu_gpi_member.cpp">
      <Filter>intrusive</Filter>
    </ClCompile>
    <ClCompile Include="..\..\..\tests\test-hdr\tree\hdr_intrusive_ellen_bintree_rcu_gpt.cpp">
      <Filter>intrusive</Filter>
    </ClCompile>
    <ClCompile Include="..\..\..\tests\test-hdr\tree\hdr_intrusive_ellen_bintree_rcu_gpt_member.cpp">
      <Filter>intrusive</Filter>
    </ClCompile>
    <ClCompile Include="..\..\..\tests\test-hdr\tree\hdr_intrusive_ellen_bintree_rcu_shb.cpp">
      <Filter>intrusive</Filter>
    </ClCompile>
    <ClCompile Include="..\..\..\tests\test-hdr\tree\hdr_intrusive_ellen_bintree_rcu_shb_member.cpp">
      <Filter>intrusive</Filter>
    </ClCompile>
    <ClCompile Include="..\..\..\tests\test-hdr\tree\hdr_intrusive_ellen_bintree_rcu_sht.cpp">
      <Filter>intrusive</Filter>
    </ClCompile>
    <ClCompile Include="..\..\..\tests\test-hdr\tree\hdr_intrusive_ellen_bintree_rcu_sht_member.cpp">
      <Filter>intrusive</Filter>
    </ClCompile>
    <ClCompile Include="..\..\..\tests\test-hdr\tree\hdr_ellenbintree_map_rcu_gpb.cpp">
      <Filter>container</Filter>
    </ClCompile>
    <ClCompile Include="..\..\..\tests\test-hdr\tree\hdr_ellenbintree_map_rcu_gpi.cpp">
      <Filter>container</Filter>
    </ClCompile>
    <ClCompile Include="..\..\..\tests\test-hdr\tree\hdr_ellenbintree_map_rcu_gpt.cpp">
      <Filter>container</Filter>
    </ClCompile>
    <ClCompile Include="..\..\..\tests\test-hdr\tree\hdr_ellenbintree_map_rcu_shb.cpp">
      <Filter>container</Filter>
    </ClCompile>
    <ClCompile Include="..\..\..\tests\test-hdr\tree\hdr_ellenbintree_map_rcu_sht.cpp">
      <Filter>container</Filter>
    </ClCompile>
    <ClCompile Include="..\..\..\tests\test-hdr\tree\hdr_ellenbintree_set_rcu_gpb.cpp">
      <Filter>container</Filter>
    </ClCompile>
    <ClCompile Include="..\..\..\tests\test-hdr\tree\hdr_ellenbintree_set_rcu_gpi.cpp">
      <Filter>container</Filter>
    </ClCompile>
    <ClCompile Include="..\..\..\tests\test-hdr\tree\hdr_ellenbintree_set_rcu_gpt.cpp">
      <Filter>container</Filter>
    </ClCompile>
    <ClCompile Include="..\..\..\tests\test-hdr\tree\hdr_ellenbintree_set_rcu_shb.cpp">
      <Filter>container</Filter>
    </ClCompile>
    <ClCompile Include="..\..\..\tests\test-hdr\tree\hdr_ellenbintree_set_rcu_sht.cpp">
      <Filter>container</Filter>
    </ClCompile>
    <ClCompile Include="..\..\..\tests\test-hdr\tree\hdr_tree_reg.cpp" />
    <ClCompile Include="..\..\..\tests\test-hdr\tree\hdr_intrusive_ellen_bintree_hp.cpp">
      <Filter>intrusive</Filter>
    </ClCompile>
    <ClCompile Include="..\..\..\tests\test-hdr\tree\hdr_intrusive_ellen_bintree_hp_member.cpp">
      <Filter>intrusive</Filter>
    </ClCompile>
    <ClCompile Include="..\..\..\tests\test-hdr\tree\hdr_ellenbintree_map_hp.cpp">
      <Filter>container</Filter>
    </ClCompile>
    <ClCompile Include="..\..\..\tests\test-hdr\tree\hdr_ellenbintree_set_hp.cpp">
      <Filter>container</Filter>
    </ClCompile>
    <ClCompile Include="..\..\..\tests\test-hdr\tree\hdr_intrusive_ellen_bintree_dhp.cpp">
      <Filter>intrusive</Filter>
    </ClCompile>
    <ClCompile Include="..\..\..\tests\test-hdr\tree\hdr_intrusive_ellen_bintree_dhp_member.cpp">
      <Filter>intrusive</Filter>
    </ClCompile>
    <ClCompile Include="..\..\..\tests\test-hdr\tree\hdr_ellenbintree_map_dhp.cpp">
      <Filter>container</Filter>
    </ClCompile>
    <ClCompile Include="..\..\..\tests\test-hdr\tree\hdr_ellenbintree_set_dhp.cpp">
      <Filter>container</Filter>
    </ClCompile>
  </ItemGroup>
</Project>